// !$*UTF8*$!
{
	archiveVersion = 1;
	classes = {
	};
	objectVersion = 50;
	objects = {

/* Begin PBXBuildFile section */
		0352B09B089EF7DD4B8EEB30 /* Pods_GoldenField.framework in Frameworks */ = {isa = PBXBuildFile; fileRef = A37BAFE98916D9177BA67A4D /* Pods_GoldenField.framework */; };
		8F165B7B20BE479F00851C8A /* SkinVC.m in Sources */ = {isa = PBXBuildFile; fileRef = 8F165B7A20BE479F00851C8A /* SkinVC.m */; };
		8F18EAE120BBDEE900862CCE /* Assets.xcassets in Resources */ = {isa = PBXBuildFile; fileRef = 8F18EAE020BBDEE900862CCE /* Assets.xcassets */; };
		8F338DFC20A1A5EF0069CFC1 /* DiscoveryCell.m in Sources */ = {isa = PBXBuildFile; fileRef = 8F338DFB20A1A5EF0069CFC1 /* DiscoveryCell.m */; };
		8F338DFF20A1A66A0069CFC1 /* DiscoveryModel.m in Sources */ = {isa = PBXBuildFile; fileRef = 8F338DFE20A1A66A0069CFC1 /* DiscoveryModel.m */; };
		8F338E0220A1A6F50069CFC1 /* BoxView.m in Sources */ = {isa = PBXBuildFile; fileRef = 8F338E0120A1A6F50069CFC1 /* BoxView.m */; };
		8F3C17BF20CF7280009311FD /* CommonDefine.m in Sources */ = {isa = PBXBuildFile; fileRef = 8F3C17BE20CF7280009311FD /* CommonDefine.m */; };
		8F45B43320F44701005F811F /* HealthVC.m in Sources */ = {isa = PBXBuildFile; fileRef = 8F45B43220F44701005F811F /* HealthVC.m */; };
		8F45B43A20F44946005F811F /* iToast+Category.m in Sources */ = {isa = PBXBuildFile; fileRef = 8F45B43920F44946005F811F /* iToast+Category.m */; };
		8F45B43E20F461DA005F811F /* AutoLayoutVC.m in Sources */ = {isa = PBXBuildFile; fileRef = 8F45B43D20F461DA005F811F /* AutoLayoutVC.m */; };
		8F45B47420F5B617005F811F /* UIViewController+PopGesture.m in Sources */ = {isa = PBXBuildFile; fileRef = 8F45B47320F5B617005F811F /* UIViewController+PopGesture.m */; };
		8F45B47720F5B688005F811F /* UIScrollView+PopGesture.m in Sources */ = {isa = PBXBuildFile; fileRef = 8F45B47620F5B688005F811F /* UIScrollView+PopGesture.m */; };
		8F45B47D20F5DCA5005F811F /* AppDelegate+RemotePush.m in Sources */ = {isa = PBXBuildFile; fileRef = 8F45B47B20F5DCA4005F811F /* AppDelegate+RemotePush.m */; };
		8F469D2920D9F003007F1166 /* ScreenShotView.m in Sources */ = {isa = PBXBuildFile; fileRef = 8F469D2820D9F003007F1166 /* ScreenShotView.m */; };
		8F4F6E1F20A3103E00885A0D /* BaseModel.m in Sources */ = {isa = PBXBuildFile; fileRef = 8F4F6E1E20A3103E00885A0D /* BaseModel.m */; };
		8F4F6E2220A314E000885A0D /* iToast.m in Sources */ = {isa = PBXBuildFile; fileRef = 8F4F6E2020A314E000885A0D /* iToast.m */; };
		8F4F6E6620A52F3600885A0D /* GoldenField.db in Resources */ = {isa = PBXBuildFile; fileRef = 8F4F6E6520A52F3600885A0D /* GoldenField.db */; };
		8F4F6E6920A5475E00885A0D /* ChanView.m in Sources */ = {isa = PBXBuildFile; fileRef = 8F4F6E6820A5475E00885A0D /* ChanView.m */; };
		8F4F6E6C20A58A4200885A0D /* AppDelegate+Configuration.m in Sources */ = {isa = PBXBuildFile; fileRef = 8F4F6E6B20A58A4200885A0D /* AppDelegate+Configuration.m */; };
		8F4F6E9920A9597A00885A0D /* UserNotifications.framework in Frameworks */ = {isa = PBXBuildFile; fileRef = 8F4F6E9820A9597A00885A0D /* UserNotifications.framework */; };
		8F6AC7FB20AAA88A003E68D6 /* NSURLProtocol+WebKitSupport.m in Sources */ = {isa = PBXBuildFile; fileRef = 8F6AC7F820AAA889003E68D6 /* NSURLProtocol+WebKitSupport.m */; };
		8F6AC7FC20AAA88A003E68D6 /* URLProtocol.m in Sources */ = {isa = PBXBuildFile; fileRef = 8F6AC7FA20AAA88A003E68D6 /* URLProtocol.m */; };
		8F6AC80820AD122E003E68D6 /* LoadingTipView.m in Sources */ = {isa = PBXBuildFile; fileRef = 8F6AC80720AD122E003E68D6 /* LoadingTipView.m */; };
		8F6AC81A20AD291D003E68D6 /* AdvertiseView.m in Sources */ = {isa = PBXBuildFile; fileRef = 8F6AC81920AD291D003E68D6 /* AdvertiseView.m */; };
		8F6AC82020AD641B003E68D6 /* SharePanel.m in Sources */ = {isa = PBXBuildFile; fileRef = 8F6AC81E20AD641A003E68D6 /* SharePanel.m */; };
		8F6AC82920AEB0D1003E68D6 /* BaseController.swift in Sources */ = {isa = PBXBuildFile; fileRef = 8F6AC82820AEB0D1003E68D6 /* BaseController.swift */; };
		8F6AC82B20AEB0DC003E68D6 /* WebController.swift in Sources */ = {isa = PBXBuildFile; fileRef = 8F6AC82A20AEB0DC003E68D6 /* WebController.swift */; };
		8F6AC82D20AEB754003E68D6 /* NetManager.swift in Sources */ = {isa = PBXBuildFile; fileRef = 8F6AC82C20AEB754003E68D6 /* NetManager.swift */; };
		8F6AC83020AEC0A9003E68D6 /* UIInitMethod.swift in Sources */ = {isa = PBXBuildFile; fileRef = 8F6AC82F20AEC0A9003E68D6 /* UIInitMethod.swift */; };
		8F6AC83220AEC9B7003E68D6 /* ShareView.swift in Sources */ = {isa = PBXBuildFile; fileRef = 8F6AC83120AEC9B7003E68D6 /* ShareView.swift */; };
		8F6AC83420AEEBDA003E68D6 /* TabbarController.swift in Sources */ = {isa = PBXBuildFile; fileRef = 8F6AC83320AEEBDA003E68D6 /* TabbarController.swift */; };
		8F6AC83A20AEEF52003E68D6 /* Position(UIView).swift in Sources */ = {isa = PBXBuildFile; fileRef = 8F6AC83920AEEF52003E68D6 /* Position(UIView).swift */; };
		8F6AC83C20AEF27C003E68D6 /* Common(NSObejct).swift in Sources */ = {isa = PBXBuildFile; fileRef = 8F6AC83B20AEF27C003E68D6 /* Common(NSObejct).swift */; };
		8F6EC7FC20BFC3B0008F78CE /* WXManager.m in Sources */ = {isa = PBXBuildFile; fileRef = 8F6EC7FB20BFC3B0008F78CE /* WXManager.m */; };
		8F6EC88720C14A34008F78CE /* NNValidationCodeView.m in Sources */ = {isa = PBXBuildFile; fileRef = 8F6EC88520C14A33008F78CE /* NNValidationCodeView.m */; };
		8F6EC88A20C14AA2008F78CE /* CodeVerifyVC.m in Sources */ = {isa = PBXBuildFile; fileRef = 8F6EC88920C14AA2008F78CE /* CodeVerifyVC.m */; };
		8F6EC89C20C7C0ED008F78CE /* RespondeData.m in Sources */ = {isa = PBXBuildFile; fileRef = 8F6EC89B20C7C0ED008F78CE /* RespondeData.m */; };
		8F9F106620BD3C0F00A0F317 /* UIView+ChangeThem.m in Sources */ = {isa = PBXBuildFile; fileRef = 8F9F106520BD3C0F00A0F317 /* UIView+ChangeThem.m */; };
		8F9F106920BD3C6C00A0F317 /* SwizzleManager.m in Sources */ = {isa = PBXBuildFile; fileRef = 8F9F106820BD3C6C00A0F317 /* SwizzleManager.m */; };
		8F9F106C20BD452E00A0F317 /* ThemManager.m in Sources */ = {isa = PBXBuildFile; fileRef = 8F9F106B20BD452E00A0F317 /* ThemManager.m */; };
		8F9F107120BD580D00A0F317 /* ThemeDefaultTag.plist in Resources */ = {isa = PBXBuildFile; fileRef = 8F9F106D20BD580C00A0F317 /* ThemeDefaultTag.plist */; };
		8F9F107220BD580D00A0F317 /* ThemeNight.plist in Resources */ = {isa = PBXBuildFile; fileRef = 8F9F106E20BD580C00A0F317 /* ThemeNight.plist */; };
		8F9F107320BD580D00A0F317 /* ThemeDefault.plist in Resources */ = {isa = PBXBuildFile; fileRef = 8F9F106F20BD580D00A0F317 /* ThemeDefault.plist */; };
		8F9F107420BD580D00A0F317 /* ThemeNightTag.plist in Resources */ = {isa = PBXBuildFile; fileRef = 8F9F107020BD580D00A0F317 /* ThemeNightTag.plist */; };
		8F9F107720BD59E400A0F317 /* UIColor+Hex.m in Sources */ = {isa = PBXBuildFile; fileRef = 8F9F107520BD59E400A0F317 /* UIColor+Hex.m */; };
		8F9F107A20BE323300A0F317 /* UILabel+ChangeThem.m in Sources */ = {isa = PBXBuildFile; fileRef = 8F9F107920BE323300A0F317 /* UILabel+ChangeThem.m */; };
		8F9F107D20BE326400A0F317 /* UITableView+ChangeThem.m in Sources */ = {isa = PBXBuildFile; fileRef = 8F9F107C20BE326400A0F317 /* UITableView+ChangeThem.m */; };
		8F9F108020BE327100A0F317 /* UITableViewCell+ChangeThem.m in Sources */ = {isa = PBXBuildFile; fileRef = 8F9F107F20BE327100A0F317 /* UITableViewCell+ChangeThem.m */; };
		8FA8357120FC8AE60055F177 /* pushAttach.png in Resources */ = {isa = PBXBuildFile; fileRef = 8FA8357020FC8AE50055F177 /* pushAttach.png */; };
		8FA835AD20FC9CAC0055F177 /* UserNotifications.framework in Frameworks */ = {isa = PBXBuildFile; fileRef = 8F4F6E9820A9597A00885A0D /* UserNotifications.framework */; };
		8FA835AE20FC9CAC0055F177 /* UserNotificationsUI.framework in Frameworks */ = {isa = PBXBuildFile; fileRef = 8FA8357820FC98280055F177 /* UserNotificationsUI.framework */; };
		8FA835B220FC9CAC0055F177 /* NotificationViewController.m in Sources */ = {isa = PBXBuildFile; fileRef = 8FA835B120FC9CAC0055F177 /* NotificationViewController.m */; };
		8FA835B520FC9CAC0055F177 /* MainInterface.storyboard in Resources */ = {isa = PBXBuildFile; fileRef = 8FA835B320FC9CAC0055F177 /* MainInterface.storyboard */; };
		8FA835B920FC9CAC0055F177 /* MyNotificationContent.appex in Embed App Extensions */ = {isa = PBXBuildFile; fileRef = 8FA835AC20FC9CAC0055F177 /* MyNotificationContent.appex */; settings = {ATTRIBUTES = (RemoveHeadersOnCopy, ); }; };
		8FA8ED8720B3B199003551F9 /* SettingVC.m in Sources */ = {isa = PBXBuildFile; fileRef = 8FA8ED8620B3B199003551F9 /* SettingVC.m */; };
		8FA8ED8A20B3B2AB003551F9 /* GestureSettingVC.m in Sources */ = {isa = PBXBuildFile; fileRef = 8FA8ED8920B3B2AB003551F9 /* GestureSettingVC.m */; };
		8FA8ED9220B3B309003551F9 /* PCCircle.m in Sources */ = {isa = PBXBuildFile; fileRef = 8FA8ED8E20B3B308003551F9 /* PCCircle.m */; };
		8FA8ED9320B3B309003551F9 /* PCCircleViewConst.m in Sources */ = {isa = PBXBuildFile; fileRef = 8FA8ED8F20B3B308003551F9 /* PCCircleViewConst.m */; };
		8FA8ED9420B3B309003551F9 /* PCCircleView.m in Sources */ = {isa = PBXBuildFile; fileRef = 8FA8ED9020B3B308003551F9 /* PCCircleView.m */; };
		8FA8ED9A20B3B319003551F9 /* PCCircleInfoView.m in Sources */ = {isa = PBXBuildFile; fileRef = 8FA8ED9620B3B319003551F9 /* PCCircleInfoView.m */; };
		8FA8ED9B20B3B319003551F9 /* PCLockLabel.m in Sources */ = {isa = PBXBuildFile; fileRef = 8FA8ED9920B3B319003551F9 /* PCLockLabel.m */; };
		8FA8ED9E20B3B33B003551F9 /* CALayer+Anim.m in Sources */ = {isa = PBXBuildFile; fileRef = 8FA8ED9D20B3B33B003551F9 /* CALayer+Anim.m */; };
		8FA8EDA120B3D821003551F9 /* TouchVC.m in Sources */ = {isa = PBXBuildFile; fileRef = 8FA8EDA020B3D821003551F9 /* TouchVC.m */; };
		8FBBF66620B80B7F0015728D /* ResponseModel.m in Sources */ = {isa = PBXBuildFile; fileRef = 8FBBF66520B80B7F0015728D /* ResponseModel.m */; };
		8FC83F80209FE7AD00F753D6 /* UIInitMethod.m in Sources */ = {isa = PBXBuildFile; fileRef = 8FC83F7F209FE7AD00F753D6 /* UIInitMethod.m */; settings = {COMPILER_FLAGS = "-fno-objc-arc"; }; };
		8FC83F83209FEF5500F753D6 /* BaseVC.m in Sources */ = {isa = PBXBuildFile; fileRef = 8FC83F82209FEF5500F753D6 /* BaseVC.m */; };
		8FC83F86209FF37700F753D6 /* NetTool.m in Sources */ = {isa = PBXBuildFile; fileRef = 8FC83F85209FF37700F753D6 /* NetTool.m */; };
		8FC83F89209FFBA000F753D6 /* BaseCollectionVC.m in Sources */ = {isa = PBXBuildFile; fileRef = 8FC83F88209FFBA000F753D6 /* BaseCollectionVC.m */; };
		8FC83FCE20A03FFA00F753D6 /* ScanVC.m in Sources */ = {isa = PBXBuildFile; fileRef = 8FC83FCD20A03FFA00F753D6 /* ScanVC.m */; };
		8FC83FD120A1399100F753D6 /* BaseScrollVC.m in Sources */ = {isa = PBXBuildFile; fileRef = 8FC83FD020A1399100F753D6 /* BaseScrollVC.m */; };
		8FC83FD420A1500300F753D6 /* LoadingAndRefreshView.m in Sources */ = {isa = PBXBuildFile; fileRef = 8FC83FD320A1500300F753D6 /* LoadingAndRefreshView.m */; };
		8FD8CD56209BEB3B00918C0C /* AppDelegate.m in Sources */ = {isa = PBXBuildFile; fileRef = 8FD8CD55209BEB3B00918C0C /* AppDelegate.m */; };
		8FD8CD5C209BEB3B00918C0C /* Main.storyboard in Resources */ = {isa = PBXBuildFile; fileRef = 8FD8CD5A209BEB3B00918C0C /* Main.storyboard */; };
		8FD8CD64209BEB3D00918C0C /* main.m in Sources */ = {isa = PBXBuildFile; fileRef = 8FD8CD63209BEB3D00918C0C /* main.m */; };
		8FD8CD6E209BEB3D00918C0C /* GoldenFieldTests.m in Sources */ = {isa = PBXBuildFile; fileRef = 8FD8CD6D209BEB3D00918C0C /* GoldenFieldTests.m */; };
		8FD8CD79209BEB3D00918C0C /* GoldenFieldUITests.m in Sources */ = {isa = PBXBuildFile; fileRef = 8FD8CD78209BEB3D00918C0C /* GoldenFieldUITests.m */; };
		8FD8CD9C209BEF5700918C0C /* MainVC.m in Sources */ = {isa = PBXBuildFile; fileRef = 8FD8CD9B209BEF5700918C0C /* MainVC.m */; };
		8FD8CD9F209BF38500918C0C /* HomeVC.m in Sources */ = {isa = PBXBuildFile; fileRef = 8FD8CD9E209BF38500918C0C /* HomeVC.m */; };
		8FD8CDA2209BF39100918C0C /* ProductVC.m in Sources */ = {isa = PBXBuildFile; fileRef = 8FD8CDA1209BF39100918C0C /* ProductVC.m */; };
		8FD8CDA5209BF39B00918C0C /* DiscoveryVC.m in Sources */ = {isa = PBXBuildFile; fileRef = 8FD8CDA4209BF39B00918C0C /* DiscoveryVC.m */; };
		8FD8CDA8209BF3A300918C0C /* MineVC.m in Sources */ = {isa = PBXBuildFile; fileRef = 8FD8CDA7209BF3A300918C0C /* MineVC.m */; };
		8FEF0133209C283D00C2F301 /* GuideHelpView.m in Sources */ = {isa = PBXBuildFile; fileRef = 8FEF0132209C283D00C2F301 /* GuideHelpView.m */; };
		8FEF0137209C3EF500C2F301 /* BaseTableVC.m in Sources */ = {isa = PBXBuildFile; fileRef = 8FEF0136209C3EF500C2F301 /* BaseTableVC.m */; };
		8FEF013A209C41BA00C2F301 /* HttpClient.m in Sources */ = {isa = PBXBuildFile; fileRef = 8FEF0139209C41BA00C2F301 /* HttpClient.m */; };
		8FEF013D209C41C800C2F301 /* DataManager.m in Sources */ = {isa = PBXBuildFile; fileRef = 8FEF013C209C41C800C2F301 /* DataManager.m */; };
		8FEF0140209C438000C2F301 /* UserModel.m in Sources */ = {isa = PBXBuildFile; fileRef = 8FEF013F209C438000C2F301 /* UserModel.m */; };
		8FEF0143209C545800C2F301 /* UIView+Frame.m in Sources */ = {isa = PBXBuildFile; fileRef = 8FEF0141209C545700C2F301 /* UIView+Frame.m */; };
		8FEF0147209C551300C2F301 /* FreshFishCell.m in Sources */ = {isa = PBXBuildFile; fileRef = 8FEF0145209C551300C2F301 /* FreshFishCell.m */; };
		8FEF0148209C551300C2F301 /* FreshFishCell.xib in Resources */ = {isa = PBXBuildFile; fileRef = 8FEF0146209C551300C2F301 /* FreshFishCell.xib */; };
		8FEF014B209C595D00C2F301 /* UIResponder+CurrentResponder.m in Sources */ = {isa = PBXBuildFile; fileRef = 8FEF014A209C595C00C2F301 /* UIResponder+CurrentResponder.m */; };
		8FEF014E209C5B3B00C2F301 /* WebVC.m in Sources */ = {isa = PBXBuildFile; fileRef = 8FEF014D209C5B3B00C2F301 /* WebVC.m */; };
		8FEF0151209C5CC100C2F301 /* SuperNaviVC.m in Sources */ = {isa = PBXBuildFile; fileRef = 8FEF0150209C5CC100C2F301 /* SuperNaviVC.m */; };
		8FEF0158209C619300C2F301 /* LoginVC.m in Sources */ = {isa = PBXBuildFile; fileRef = 8FEF0157209C619300C2F301 /* LoginVC.m */; };
/* End PBXBuildFile section */

/* Begin PBXContainerItemProxy section */
		8FA835B720FC9CAC0055F177 /* PBXContainerItemProxy */ = {
			isa = PBXContainerItemProxy;
			containerPortal = 8FD8CD49209BEB3A00918C0C /* Project object */;
			proxyType = 1;
			remoteGlobalIDString = 8FA835AB20FC9CAC0055F177;
			remoteInfo = MyNotificationContent;
		};
		8FD8CD6A209BEB3D00918C0C /* PBXContainerItemProxy */ = {
			isa = PBXContainerItemProxy;
			containerPortal = 8FD8CD49209BEB3A00918C0C /* Project object */;
			proxyType = 1;
			remoteGlobalIDString = 8FD8CD50209BEB3B00918C0C;
			remoteInfo = GoldenField;
		};
		8FD8CD75209BEB3D00918C0C /* PBXContainerItemProxy */ = {
			isa = PBXContainerItemProxy;
			containerPortal = 8FD8CD49209BEB3A00918C0C /* Project object */;
			proxyType = 1;
			remoteGlobalIDString = 8FD8CD50209BEB3B00918C0C;
			remoteInfo = GoldenField;
		};
/* End PBXContainerItemProxy section */

/* Begin PBXCopyFilesBuildPhase section */
		8F45B46020F5A1CF005F811F /* Embed App Extensions */ = {
			isa = PBXCopyFilesBuildPhase;
			buildActionMask = 2147483647;
			dstPath = "";
			dstSubfolderSpec = 13;
			files = (
				8FA835B920FC9CAC0055F177 /* MyNotificationContent.appex in Embed App Extensions */,
			);
			name = "Embed App Extensions";
			runOnlyForDeploymentPostprocessing = 0;
		};
/* End PBXCopyFilesBuildPhase section */

/* Begin PBXFileReference section */
		3D4D14761B6F0283E6054ED9 /* Pods-GoldenField.release.xcconfig */ = {isa = PBXFileReference; includeInIndex = 1; lastKnownFileType = text.xcconfig; name = "Pods-GoldenField.release.xcconfig"; path = "Pods/Target Support Files/Pods-GoldenField/Pods-GoldenField.release.xcconfig"; sourceTree = "<group>"; };
		8F165B7920BE479F00851C8A /* SkinVC.h */ = {isa = PBXFileReference; lastKnownFileType = sourcecode.c.h; path = SkinVC.h; sourceTree = "<group>"; };
		8F165B7A20BE479F00851C8A /* SkinVC.m */ = {isa = PBXFileReference; lastKnownFileType = sourcecode.c.objc; path = SkinVC.m; sourceTree = "<group>"; };
		8F18EAE020BBDEE900862CCE /* Assets.xcassets */ = {isa = PBXFileReference; lastKnownFileType = folder.assetcatalog; path = Assets.xcassets; sourceTree = "<group>"; };
		8F338DFA20A1A5EF0069CFC1 /* DiscoveryCell.h */ = {isa = PBXFileReference; lastKnownFileType = sourcecode.c.h; path = DiscoveryCell.h; sourceTree = "<group>"; };
		8F338DFB20A1A5EF0069CFC1 /* DiscoveryCell.m */ = {isa = PBXFileReference; lastKnownFileType = sourcecode.c.objc; path = DiscoveryCell.m; sourceTree = "<group>"; };
		8F338DFD20A1A66A0069CFC1 /* DiscoveryModel.h */ = {isa = PBXFileReference; lastKnownFileType = sourcecode.c.h; path = DiscoveryModel.h; sourceTree = "<group>"; };
		8F338DFE20A1A66A0069CFC1 /* DiscoveryModel.m */ = {isa = PBXFileReference; lastKnownFileType = sourcecode.c.objc; path = DiscoveryModel.m; sourceTree = "<group>"; };
		8F338E0020A1A6F50069CFC1 /* BoxView.h */ = {isa = PBXFileReference; lastKnownFileType = sourcecode.c.h; path = BoxView.h; sourceTree = "<group>"; };
		8F338E0120A1A6F50069CFC1 /* BoxView.m */ = {isa = PBXFileReference; lastKnownFileType = sourcecode.c.objc; path = BoxView.m; sourceTree = "<group>"; };
		8F3C17BD20CF7280009311FD /* CommonDefine.h */ = {isa = PBXFileReference; lastKnownFileType = sourcecode.c.h; path = CommonDefine.h; sourceTree = "<group>"; };
		8F3C17BE20CF7280009311FD /* CommonDefine.m */ = {isa = PBXFileReference; lastKnownFileType = sourcecode.c.objc; path = CommonDefine.m; sourceTree = "<group>"; };
		8F45B43120F44701005F811F /* HealthVC.h */ = {isa = PBXFileReference; lastKnownFileType = sourcecode.c.h; path = HealthVC.h; sourceTree = "<group>"; };
		8F45B43220F44701005F811F /* HealthVC.m */ = {isa = PBXFileReference; lastKnownFileType = sourcecode.c.objc; path = HealthVC.m; sourceTree = "<group>"; };
		8F45B43820F44946005F811F /* iToast+Category.h */ = {isa = PBXFileReference; lastKnownFileType = sourcecode.c.h; path = "iToast+Category.h"; sourceTree = "<group>"; };
		8F45B43920F44946005F811F /* iToast+Category.m */ = {isa = PBXFileReference; lastKnownFileType = sourcecode.c.objc; path = "iToast+Category.m"; sourceTree = "<group>"; };
		8F45B43C20F461DA005F811F /* AutoLayoutVC.h */ = {isa = PBXFileReference; lastKnownFileType = sourcecode.c.h; path = AutoLayoutVC.h; sourceTree = "<group>"; };
		8F45B43D20F461DA005F811F /* AutoLayoutVC.m */ = {isa = PBXFileReference; lastKnownFileType = sourcecode.c.objc; path = AutoLayoutVC.m; sourceTree = "<group>"; };
		8F45B47220F5B617005F811F /* UIViewController+PopGesture.h */ = {isa = PBXFileReference; lastKnownFileType = sourcecode.c.h; path = "UIViewController+PopGesture.h"; sourceTree = "<group>"; };
		8F45B47320F5B617005F811F /* UIViewController+PopGesture.m */ = {isa = PBXFileReference; lastKnownFileType = sourcecode.c.objc; path = "UIViewController+PopGesture.m"; sourceTree = "<group>"; };
		8F45B47520F5B688005F811F /* UIScrollView+PopGesture.h */ = {isa = PBXFileReference; lastKnownFileType = sourcecode.c.h; path = "UIScrollView+PopGesture.h"; sourceTree = "<group>"; };
		8F45B47620F5B688005F811F /* UIScrollView+PopGesture.m */ = {isa = PBXFileReference; lastKnownFileType = sourcecode.c.objc; path = "UIScrollView+PopGesture.m"; sourceTree = "<group>"; };
		8F45B47B20F5DCA4005F811F /* AppDelegate+RemotePush.m */ = {isa = PBXFileReference; fileEncoding = 4; lastKnownFileType = sourcecode.c.objc; path = "AppDelegate+RemotePush.m"; sourceTree = "<group>"; };
		8F45B47C20F5DCA5005F811F /* AppDelegate+RemotePush.h */ = {isa = PBXFileReference; fileEncoding = 4; lastKnownFileType = sourcecode.c.h; path = "AppDelegate+RemotePush.h"; sourceTree = "<group>"; };
		8F469D2720D9F003007F1166 /* ScreenShotView.h */ = {isa = PBXFileReference; lastKnownFileType = sourcecode.c.h; path = ScreenShotView.h; sourceTree = "<group>"; };
		8F469D2820D9F003007F1166 /* ScreenShotView.m */ = {isa = PBXFileReference; lastKnownFileType = sourcecode.c.objc; path = ScreenShotView.m; sourceTree = "<group>"; };
		8F469E1220DC8C80007F1166 /* Configure.h */ = {isa = PBXFileReference; lastKnownFileType = sourcecode.c.h; path = Configure.h; sourceTree = "<group>"; };
		8F4F6E1D20A3103E00885A0D /* BaseModel.h */ = {isa = PBXFileReference; lastKnownFileType = sourcecode.c.h; path = BaseModel.h; sourceTree = "<group>"; };
		8F4F6E1E20A3103E00885A0D /* BaseModel.m */ = {isa = PBXFileReference; lastKnownFileType = sourcecode.c.objc; path = BaseModel.m; sourceTree = "<group>"; };
		8F4F6E2020A314E000885A0D /* iToast.m */ = {isa = PBXFileReference; fileEncoding = 4; lastKnownFileType = sourcecode.c.objc; path = iToast.m; sourceTree = "<group>"; };
		8F4F6E2120A314E000885A0D /* iToast.h */ = {isa = PBXFileReference; fileEncoding = 4; lastKnownFileType = sourcecode.c.h; path = iToast.h; sourceTree = "<group>"; };
		8F4F6E6520A52F3600885A0D /* GoldenField.db */ = {isa = PBXFileReference; lastKnownFileType = file; path = GoldenField.db; sourceTree = "<group>"; };
		8F4F6E6720A5475E00885A0D /* ChanView.h */ = {isa = PBXFileReference; lastKnownFileType = sourcecode.c.h; path = ChanView.h; sourceTree = "<group>"; };
		8F4F6E6820A5475E00885A0D /* ChanView.m */ = {isa = PBXFileReference; lastKnownFileType = sourcecode.c.objc; path = ChanView.m; sourceTree = "<group>"; };
		8F4F6E6A20A58A4200885A0D /* AppDelegate+Configuration.h */ = {isa = PBXFileReference; lastKnownFileType = sourcecode.c.h; path = "AppDelegate+Configuration.h"; sourceTree = "<group>"; };
		8F4F6E6B20A58A4200885A0D /* AppDelegate+Configuration.m */ = {isa = PBXFileReference; lastKnownFileType = sourcecode.c.objc; path = "AppDelegate+Configuration.m"; sourceTree = "<group>"; };
		8F4F6E9720A9595800885A0D /* GoldenField.entitlements */ = {isa = PBXFileReference; lastKnownFileType = text.plist.entitlements; path = GoldenField.entitlements; sourceTree = "<group>"; };
		8F4F6E9820A9597A00885A0D /* UserNotifications.framework */ = {isa = PBXFileReference; lastKnownFileType = wrapper.framework; name = UserNotifications.framework; path = System/Library/Frameworks/UserNotifications.framework; sourceTree = SDKROOT; };
		8F6AC7F720AAA888003E68D6 /* URLProtocol.h */ = {isa = PBXFileReference; fileEncoding = 4; lastKnownFileType = sourcecode.c.h; path = URLProtocol.h; sourceTree = "<group>"; };
		8F6AC7F820AAA889003E68D6 /* NSURLProtocol+WebKitSupport.m */ = {isa = PBXFileReference; fileEncoding = 4; lastKnownFileType = sourcecode.c.objc; path = "NSURLProtocol+WebKitSupport.m"; sourceTree = "<group>"; };
		8F6AC7F920AAA889003E68D6 /* NSURLProtocol+WebKitSupport.h */ = {isa = PBXFileReference; fileEncoding = 4; lastKnownFileType = sourcecode.c.h; path = "NSURLProtocol+WebKitSupport.h"; sourceTree = "<group>"; };
		8F6AC7FA20AAA88A003E68D6 /* URLProtocol.m */ = {isa = PBXFileReference; fileEncoding = 4; lastKnownFileType = sourcecode.c.objc; path = URLProtocol.m; sourceTree = "<group>"; };
		8F6AC80620AD122D003E68D6 /* LoadingTipView.h */ = {isa = PBXFileReference; fileEncoding = 4; lastKnownFileType = sourcecode.c.h; path = LoadingTipView.h; sourceTree = "<group>"; };
		8F6AC80720AD122E003E68D6 /* LoadingTipView.m */ = {isa = PBXFileReference; fileEncoding = 4; lastKnownFileType = sourcecode.c.objc; path = LoadingTipView.m; sourceTree = "<group>"; };
		8F6AC81820AD291D003E68D6 /* AdvertiseView.h */ = {isa = PBXFileReference; lastKnownFileType = sourcecode.c.h; path = AdvertiseView.h; sourceTree = "<group>"; };
		8F6AC81920AD291D003E68D6 /* AdvertiseView.m */ = {isa = PBXFileReference; lastKnownFileType = sourcecode.c.objc; path = AdvertiseView.m; sourceTree = "<group>"; };
		8F6AC81E20AD641A003E68D6 /* SharePanel.m */ = {isa = PBXFileReference; fileEncoding = 4; lastKnownFileType = sourcecode.c.objc; path = SharePanel.m; sourceTree = "<group>"; };
		8F6AC81F20AD641B003E68D6 /* SharePanel.h */ = {isa = PBXFileReference; fileEncoding = 4; lastKnownFileType = sourcecode.c.h; path = SharePanel.h; sourceTree = "<group>"; };
		8F6AC82720AEB0D0003E68D6 /* GoldenField-Bridging-Header.h */ = {isa = PBXFileReference; lastKnownFileType = sourcecode.c.h; path = "GoldenField-Bridging-Header.h"; sourceTree = "<group>"; };
		8F6AC82820AEB0D1003E68D6 /* BaseController.swift */ = {isa = PBXFileReference; lastKnownFileType = sourcecode.swift; path = BaseController.swift; sourceTree = "<group>"; };
		8F6AC82A20AEB0DC003E68D6 /* WebController.swift */ = {isa = PBXFileReference; lastKnownFileType = sourcecode.swift; path = WebController.swift; sourceTree = "<group>"; };
		8F6AC82C20AEB754003E68D6 /* NetManager.swift */ = {isa = PBXFileReference; lastKnownFileType = sourcecode.swift; path = NetManager.swift; sourceTree = "<group>"; };
		8F6AC82F20AEC0A9003E68D6 /* UIInitMethod.swift */ = {isa = PBXFileReference; lastKnownFileType = sourcecode.swift; path = UIInitMethod.swift; sourceTree = "<group>"; };
		8F6AC83120AEC9B7003E68D6 /* ShareView.swift */ = {isa = PBXFileReference; lastKnownFileType = sourcecode.swift; path = ShareView.swift; sourceTree = "<group>"; };
		8F6AC83320AEEBDA003E68D6 /* TabbarController.swift */ = {isa = PBXFileReference; lastKnownFileType = sourcecode.swift; path = TabbarController.swift; sourceTree = "<group>"; };
		8F6AC83920AEEF52003E68D6 /* Position(UIView).swift */ = {isa = PBXFileReference; lastKnownFileType = sourcecode.swift; path = "Position(UIView).swift"; sourceTree = "<group>"; };
		8F6AC83B20AEF27C003E68D6 /* Common(NSObejct).swift */ = {isa = PBXFileReference; lastKnownFileType = sourcecode.swift; path = "Common(NSObejct).swift"; sourceTree = "<group>"; };
		8F6EC7FA20BFC3B0008F78CE /* WXManager.h */ = {isa = PBXFileReference; lastKnownFileType = sourcecode.c.h; path = WXManager.h; sourceTree = "<group>"; };
		8F6EC7FB20BFC3B0008F78CE /* WXManager.m */ = {isa = PBXFileReference; lastKnownFileType = sourcecode.c.objc; path = WXManager.m; sourceTree = "<group>"; };
		8F6EC88520C14A33008F78CE /* NNValidationCodeView.m */ = {isa = PBXFileReference; fileEncoding = 4; lastKnownFileType = sourcecode.c.objc; path = NNValidationCodeView.m; sourceTree = "<group>"; };
		8F6EC88620C14A34008F78CE /* NNValidationCodeView.h */ = {isa = PBXFileReference; fileEncoding = 4; lastKnownFileType = sourcecode.c.h; path = NNValidationCodeView.h; sourceTree = "<group>"; };
		8F6EC88820C14AA2008F78CE /* CodeVerifyVC.h */ = {isa = PBXFileReference; lastKnownFileType = sourcecode.c.h; path = CodeVerifyVC.h; sourceTree = "<group>"; };
		8F6EC88920C14AA2008F78CE /* CodeVerifyVC.m */ = {isa = PBXFileReference; lastKnownFileType = sourcecode.c.objc; path = CodeVerifyVC.m; sourceTree = "<group>"; };
		8F6EC89A20C7C0ED008F78CE /* RespondeData.h */ = {isa = PBXFileReference; lastKnownFileType = sourcecode.c.h; path = RespondeData.h; sourceTree = "<group>"; };
		8F6EC89B20C7C0ED008F78CE /* RespondeData.m */ = {isa = PBXFileReference; lastKnownFileType = sourcecode.c.objc; path = RespondeData.m; sourceTree = "<group>"; };
		8F9F106420BD3C0F00A0F317 /* UIView+ChangeThem.h */ = {isa = PBXFileReference; lastKnownFileType = sourcecode.c.h; path = "UIView+ChangeThem.h"; sourceTree = "<group>"; };
		8F9F106520BD3C0F00A0F317 /* UIView+ChangeThem.m */ = {isa = PBXFileReference; lastKnownFileType = sourcecode.c.objc; path = "UIView+ChangeThem.m"; sourceTree = "<group>"; };
		8F9F106720BD3C6C00A0F317 /* SwizzleManager.h */ = {isa = PBXFileReference; lastKnownFileType = sourcecode.c.h; path = SwizzleManager.h; sourceTree = "<group>"; };
		8F9F106820BD3C6C00A0F317 /* SwizzleManager.m */ = {isa = PBXFileReference; lastKnownFileType = sourcecode.c.objc; path = SwizzleManager.m; sourceTree = "<group>"; };
		8F9F106A20BD452E00A0F317 /* ThemManager.h */ = {isa = PBXFileReference; lastKnownFileType = sourcecode.c.h; path = ThemManager.h; sourceTree = "<group>"; };
		8F9F106B20BD452E00A0F317 /* ThemManager.m */ = {isa = PBXFileReference; lastKnownFileType = sourcecode.c.objc; path = ThemManager.m; sourceTree = "<group>"; };
		8F9F106D20BD580C00A0F317 /* ThemeDefaultTag.plist */ = {isa = PBXFileReference; fileEncoding = 4; lastKnownFileType = text.plist.xml; path = ThemeDefaultTag.plist; sourceTree = "<group>"; };
		8F9F106E20BD580C00A0F317 /* ThemeNight.plist */ = {isa = PBXFileReference; fileEncoding = 4; lastKnownFileType = text.plist.xml; path = ThemeNight.plist; sourceTree = "<group>"; };
		8F9F106F20BD580D00A0F317 /* ThemeDefault.plist */ = {isa = PBXFileReference; fileEncoding = 4; lastKnownFileType = text.plist.xml; path = ThemeDefault.plist; sourceTree = "<group>"; };
		8F9F107020BD580D00A0F317 /* ThemeNightTag.plist */ = {isa = PBXFileReference; fileEncoding = 4; lastKnownFileType = text.plist.xml; path = ThemeNightTag.plist; sourceTree = "<group>"; };
		8F9F107520BD59E400A0F317 /* UIColor+Hex.m */ = {isa = PBXFileReference; fileEncoding = 4; lastKnownFileType = sourcecode.c.objc; path = "UIColor+Hex.m"; sourceTree = "<group>"; };
		8F9F107620BD59E400A0F317 /* UIColor+Hex.h */ = {isa = PBXFileReference; fileEncoding = 4; lastKnownFileType = sourcecode.c.h; path = "UIColor+Hex.h"; sourceTree = "<group>"; };
		8F9F107820BE323300A0F317 /* UILabel+ChangeThem.h */ = {isa = PBXFileReference; lastKnownFileType = sourcecode.c.h; path = "UILabel+ChangeThem.h"; sourceTree = "<group>"; };
		8F9F107920BE323300A0F317 /* UILabel+ChangeThem.m */ = {isa = PBXFileReference; lastKnownFileType = sourcecode.c.objc; path = "UILabel+ChangeThem.m"; sourceTree = "<group>"; };
		8F9F107B20BE326400A0F317 /* UITableView+ChangeThem.h */ = {isa = PBXFileReference; lastKnownFileType = sourcecode.c.h; path = "UITableView+ChangeThem.h"; sourceTree = "<group>"; };
		8F9F107C20BE326400A0F317 /* UITableView+ChangeThem.m */ = {isa = PBXFileReference; lastKnownFileType = sourcecode.c.objc; path = "UITableView+ChangeThem.m"; sourceTree = "<group>"; };
		8F9F107E20BE327100A0F317 /* UITableViewCell+ChangeThem.h */ = {isa = PBXFileReference; lastKnownFileType = sourcecode.c.h; path = "UITableViewCell+ChangeThem.h"; sourceTree = "<group>"; };
		8F9F107F20BE327100A0F317 /* UITableViewCell+ChangeThem.m */ = {isa = PBXFileReference; lastKnownFileType = sourcecode.c.objc; path = "UITableViewCell+ChangeThem.m"; sourceTree = "<group>"; };
		8FA8357020FC8AE50055F177 /* pushAttach.png */ = {isa = PBXFileReference; lastKnownFileType = image.png; path = pushAttach.png; sourceTree = "<group>"; };
		8FA8357820FC98280055F177 /* UserNotificationsUI.framework */ = {isa = PBXFileReference; lastKnownFileType = wrapper.framework; name = UserNotificationsUI.framework; path = System/Library/Frameworks/UserNotificationsUI.framework; sourceTree = SDKROOT; };
		8FA8359C20FC9A720055F177 /* NotificationViewController.h */ = {isa = PBXFileReference; lastKnownFileType = sourcecode.c.h; path = NotificationViewController.h; sourceTree = "<group>"; };
		8FA8359D20FC9A720055F177 /* NotificationViewController.m */ = {isa = PBXFileReference; lastKnownFileType = sourcecode.c.objc; path = NotificationViewController.m; sourceTree = "<group>"; };
		8FA8359E20FC9A720055F177 /* Base */ = {isa = PBXFileReference; lastKnownFileType = file.storyboard; name = Base; path = Base.lproj/MainInterface.storyboard; sourceTree = "<group>"; };
		8FA835A020FC9A720055F177 /* Info.plist */ = {isa = PBXFileReference; lastKnownFileType = text.plist.xml; path = Info.plist; sourceTree = "<group>"; };
		8FA835AC20FC9CAC0055F177 /* MyNotificationContent.appex */ = {isa = PBXFileReference; explicitFileType = "wrapper.app-extension"; includeInIndex = 0; path = MyNotificationContent.appex; sourceTree = BUILT_PRODUCTS_DIR; };
		8FA835B020FC9CAC0055F177 /* NotificationViewController.h */ = {isa = PBXFileReference; lastKnownFileType = sourcecode.c.h; path = NotificationViewController.h; sourceTree = "<group>"; };
		8FA835B120FC9CAC0055F177 /* NotificationViewController.m */ = {isa = PBXFileReference; lastKnownFileType = sourcecode.c.objc; path = NotificationViewController.m; sourceTree = "<group>"; };
		8FA835B420FC9CAC0055F177 /* Base */ = {isa = PBXFileReference; lastKnownFileType = file.storyboard; name = Base; path = Base.lproj/MainInterface.storyboard; sourceTree = "<group>"; };
		8FA835B620FC9CAC0055F177 /* Info.plist */ = {isa = PBXFileReference; lastKnownFileType = text.plist.xml; path = Info.plist; sourceTree = "<group>"; };
		8FA8ED8520B3B199003551F9 /* SettingVC.h */ = {isa = PBXFileReference; lastKnownFileType = sourcecode.c.h; path = SettingVC.h; sourceTree = "<group>"; };
		8FA8ED8620B3B199003551F9 /* SettingVC.m */ = {isa = PBXFileReference; lastKnownFileType = sourcecode.c.objc; path = SettingVC.m; sourceTree = "<group>"; };
		8FA8ED8820B3B2AB003551F9 /* GestureSettingVC.h */ = {isa = PBXFileReference; lastKnownFileType = sourcecode.c.h; path = GestureSettingVC.h; sourceTree = "<group>"; };
		8FA8ED8920B3B2AB003551F9 /* GestureSettingVC.m */ = {isa = PBXFileReference; lastKnownFileType = sourcecode.c.objc; path = GestureSettingVC.m; sourceTree = "<group>"; };
		8FA8ED8C20B3B308003551F9 /* PCCircleView.h */ = {isa = PBXFileReference; fileEncoding = 4; lastKnownFileType = sourcecode.c.h; path = PCCircleView.h; sourceTree = "<group>"; };
		8FA8ED8D20B3B308003551F9 /* PCCircleViewConst.h */ = {isa = PBXFileReference; fileEncoding = 4; lastKnownFileType = sourcecode.c.h; path = PCCircleViewConst.h; sourceTree = "<group>"; };
		8FA8ED8E20B3B308003551F9 /* PCCircle.m */ = {isa = PBXFileReference; fileEncoding = 4; lastKnownFileType = sourcecode.c.objc; path = PCCircle.m; sourceTree = "<group>"; };
		8FA8ED8F20B3B308003551F9 /* PCCircleViewConst.m */ = {isa = PBXFileReference; fileEncoding = 4; lastKnownFileType = sourcecode.c.objc; path = PCCircleViewConst.m; sourceTree = "<group>"; };
		8FA8ED9020B3B308003551F9 /* PCCircleView.m */ = {isa = PBXFileReference; fileEncoding = 4; lastKnownFileType = sourcecode.c.objc; path = PCCircleView.m; sourceTree = "<group>"; };
		8FA8ED9120B3B308003551F9 /* PCCircle.h */ = {isa = PBXFileReference; fileEncoding = 4; lastKnownFileType = sourcecode.c.h; path = PCCircle.h; sourceTree = "<group>"; };
		8FA8ED9620B3B319003551F9 /* PCCircleInfoView.m */ = {isa = PBXFileReference; fileEncoding = 4; lastKnownFileType = sourcecode.c.objc; path = PCCircleInfoView.m; sourceTree = "<group>"; };
		8FA8ED9720B3B319003551F9 /* PCLockLabel.h */ = {isa = PBXFileReference; fileEncoding = 4; lastKnownFileType = sourcecode.c.h; path = PCLockLabel.h; sourceTree = "<group>"; };
		8FA8ED9820B3B319003551F9 /* PCCircleInfoView.h */ = {isa = PBXFileReference; fileEncoding = 4; lastKnownFileType = sourcecode.c.h; path = PCCircleInfoView.h; sourceTree = "<group>"; };
		8FA8ED9920B3B319003551F9 /* PCLockLabel.m */ = {isa = PBXFileReference; fileEncoding = 4; lastKnownFileType = sourcecode.c.objc; path = PCLockLabel.m; sourceTree = "<group>"; };
		8FA8ED9C20B3B33B003551F9 /* CALayer+Anim.h */ = {isa = PBXFileReference; fileEncoding = 4; lastKnownFileType = sourcecode.c.h; path = "CALayer+Anim.h"; sourceTree = "<group>"; };
		8FA8ED9D20B3B33B003551F9 /* CALayer+Anim.m */ = {isa = PBXFileReference; fileEncoding = 4; lastKnownFileType = sourcecode.c.objc; path = "CALayer+Anim.m"; sourceTree = "<group>"; };
		8FA8ED9F20B3D821003551F9 /* TouchVC.h */ = {isa = PBXFileReference; lastKnownFileType = sourcecode.c.h; path = TouchVC.h; sourceTree = "<group>"; };
		8FA8EDA020B3D821003551F9 /* TouchVC.m */ = {isa = PBXFileReference; lastKnownFileType = sourcecode.c.objc; path = TouchVC.m; sourceTree = "<group>"; };
		8FBBF65C20B7FB030015728D /* libWeChatSDK.a */ = {isa = PBXFileReference; lastKnownFileType = archive.ar; name = libWeChatSDK.a; path = Pods/UMCShare/UMShare/SocialLibraries/WeChat/WechatSDK/libWeChatSDK.a; sourceTree = "<group>"; };
		8FBBF66420B80B7F0015728D /* ResponseModel.h */ = {isa = PBXFileReference; lastKnownFileType = sourcecode.c.h; path = ResponseModel.h; sourceTree = "<group>"; };
		8FBBF66520B80B7F0015728D /* ResponseModel.m */ = {isa = PBXFileReference; lastKnownFileType = sourcecode.c.objc; path = ResponseModel.m; sourceTree = "<group>"; };
		8FC83F7E209FE7AD00F753D6 /* UIInitMethod.h */ = {isa = PBXFileReference; lastKnownFileType = sourcecode.c.h; path = UIInitMethod.h; sourceTree = "<group>"; };
		8FC83F7F209FE7AD00F753D6 /* UIInitMethod.m */ = {isa = PBXFileReference; lastKnownFileType = sourcecode.c.objc; path = UIInitMethod.m; sourceTree = "<group>"; };
		8FC83F81209FEF5500F753D6 /* BaseVC.h */ = {isa = PBXFileReference; lastKnownFileType = sourcecode.c.h; path = BaseVC.h; sourceTree = "<group>"; };
		8FC83F82209FEF5500F753D6 /* BaseVC.m */ = {isa = PBXFileReference; lastKnownFileType = sourcecode.c.objc; path = BaseVC.m; sourceTree = "<group>"; };
		8FC83F84209FF37700F753D6 /* NetTool.h */ = {isa = PBXFileReference; lastKnownFileType = sourcecode.c.h; path = NetTool.h; sourceTree = "<group>"; };
		8FC83F85209FF37700F753D6 /* NetTool.m */ = {isa = PBXFileReference; lastKnownFileType = sourcecode.c.objc; path = NetTool.m; sourceTree = "<group>"; };
		8FC83F87209FFBA000F753D6 /* BaseCollectionVC.h */ = {isa = PBXFileReference; lastKnownFileType = sourcecode.c.h; path = BaseCollectionVC.h; sourceTree = "<group>"; };
		8FC83F88209FFBA000F753D6 /* BaseCollectionVC.m */ = {isa = PBXFileReference; lastKnownFileType = sourcecode.c.objc; path = BaseCollectionVC.m; sourceTree = "<group>"; };
		8FC83FCC20A03FFA00F753D6 /* ScanVC.h */ = {isa = PBXFileReference; lastKnownFileType = sourcecode.c.h; path = ScanVC.h; sourceTree = "<group>"; };
		8FC83FCD20A03FFA00F753D6 /* ScanVC.m */ = {isa = PBXFileReference; lastKnownFileType = sourcecode.c.objc; path = ScanVC.m; sourceTree = "<group>"; };
		8FC83FCF20A1399100F753D6 /* BaseScrollVC.h */ = {isa = PBXFileReference; lastKnownFileType = sourcecode.c.h; path = BaseScrollVC.h; sourceTree = "<group>"; };
		8FC83FD020A1399100F753D6 /* BaseScrollVC.m */ = {isa = PBXFileReference; lastKnownFileType = sourcecode.c.objc; path = BaseScrollVC.m; sourceTree = "<group>"; };
		8FC83FD220A1500300F753D6 /* LoadingAndRefreshView.h */ = {isa = PBXFileReference; lastKnownFileType = sourcecode.c.h; path = LoadingAndRefreshView.h; sourceTree = "<group>"; };
		8FC83FD320A1500300F753D6 /* LoadingAndRefreshView.m */ = {isa = PBXFileReference; lastKnownFileType = sourcecode.c.objc; path = LoadingAndRefreshView.m; sourceTree = "<group>"; };
		8FD8CD51209BEB3B00918C0C /* GoldenField.app */ = {isa = PBXFileReference; explicitFileType = wrapper.application; includeInIndex = 0; path = GoldenField.app; sourceTree = BUILT_PRODUCTS_DIR; };
		8FD8CD54209BEB3B00918C0C /* AppDelegate.h */ = {isa = PBXFileReference; lastKnownFileType = sourcecode.c.h; path = AppDelegate.h; sourceTree = "<group>"; };
		8FD8CD55209BEB3B00918C0C /* AppDelegate.m */ = {isa = PBXFileReference; lastKnownFileType = sourcecode.c.objc; path = AppDelegate.m; sourceTree = "<group>"; };
		8FD8CD5B209BEB3B00918C0C /* Base */ = {isa = PBXFileReference; lastKnownFileType = file.storyboard; name = Base; path = Base.lproj/Main.storyboard; sourceTree = "<group>"; };
		8FD8CD62209BEB3D00918C0C /* Info.plist */ = {isa = PBXFileReference; lastKnownFileType = text.plist.xml; path = Info.plist; sourceTree = "<group>"; };
		8FD8CD63209BEB3D00918C0C /* main.m */ = {isa = PBXFileReference; lastKnownFileType = sourcecode.c.objc; path = main.m; sourceTree = "<group>"; };
		8FD8CD69209BEB3D00918C0C /* GoldenFieldTests.xctest */ = {isa = PBXFileReference; explicitFileType = wrapper.cfbundle; includeInIndex = 0; path = GoldenFieldTests.xctest; sourceTree = BUILT_PRODUCTS_DIR; };
		8FD8CD6D209BEB3D00918C0C /* GoldenFieldTests.m */ = {isa = PBXFileReference; lastKnownFileType = sourcecode.c.objc; path = GoldenFieldTests.m; sourceTree = "<group>"; };
		8FD8CD6F209BEB3D00918C0C /* Info.plist */ = {isa = PBXFileReference; lastKnownFileType = text.plist.xml; path = Info.plist; sourceTree = "<group>"; };
		8FD8CD74209BEB3D00918C0C /* GoldenFieldUITests.xctest */ = {isa = PBXFileReference; explicitFileType = wrapper.cfbundle; includeInIndex = 0; path = GoldenFieldUITests.xctest; sourceTree = BUILT_PRODUCTS_DIR; };
		8FD8CD78209BEB3D00918C0C /* GoldenFieldUITests.m */ = {isa = PBXFileReference; lastKnownFileType = sourcecode.c.objc; path = GoldenFieldUITests.m; sourceTree = "<group>"; };
		8FD8CD7A209BEB3D00918C0C /* Info.plist */ = {isa = PBXFileReference; lastKnownFileType = text.plist.xml; path = Info.plist; sourceTree = "<group>"; };
		8FD8CD9A209BEF5700918C0C /* MainVC.h */ = {isa = PBXFileReference; lastKnownFileType = sourcecode.c.h; path = MainVC.h; sourceTree = "<group>"; };
		8FD8CD9B209BEF5700918C0C /* MainVC.m */ = {isa = PBXFileReference; lastKnownFileType = sourcecode.c.objc; path = MainVC.m; sourceTree = "<group>"; };
		8FD8CD9D209BF38500918C0C /* HomeVC.h */ = {isa = PBXFileReference; lastKnownFileType = sourcecode.c.h; path = HomeVC.h; sourceTree = "<group>"; };
		8FD8CD9E209BF38500918C0C /* HomeVC.m */ = {isa = PBXFileReference; lastKnownFileType = sourcecode.c.objc; path = HomeVC.m; sourceTree = "<group>"; };
		8FD8CDA0209BF39100918C0C /* ProductVC.h */ = {isa = PBXFileReference; lastKnownFileType = sourcecode.c.h; path = ProductVC.h; sourceTree = "<group>"; };
		8FD8CDA1209BF39100918C0C /* ProductVC.m */ = {isa = PBXFileReference; lastKnownFileType = sourcecode.c.objc; path = ProductVC.m; sourceTree = "<group>"; };
		8FD8CDA3209BF39B00918C0C /* DiscoveryVC.h */ = {isa = PBXFileReference; lastKnownFileType = sourcecode.c.h; path = DiscoveryVC.h; sourceTree = "<group>"; };
		8FD8CDA4209BF39B00918C0C /* DiscoveryVC.m */ = {isa = PBXFileReference; lastKnownFileType = sourcecode.c.objc; path = DiscoveryVC.m; sourceTree = "<group>"; };
		8FD8CDA6209BF3A300918C0C /* MineVC.h */ = {isa = PBXFileReference; lastKnownFileType = sourcecode.c.h; path = MineVC.h; sourceTree = "<group>"; };
		8FD8CDA7209BF3A300918C0C /* MineVC.m */ = {isa = PBXFileReference; lastKnownFileType = sourcecode.c.objc; path = MineVC.m; sourceTree = "<group>"; };
		8FD8CDA9209BF3AF00918C0C /* PrefixHeader.pch */ = {isa = PBXFileReference; lastKnownFileType = sourcecode.c.h; path = PrefixHeader.pch; sourceTree = "<group>"; };
		8FEF0131209C283D00C2F301 /* GuideHelpView.h */ = {isa = PBXFileReference; lastKnownFileType = sourcecode.c.h; path = GuideHelpView.h; sourceTree = "<group>"; };
		8FEF0132209C283D00C2F301 /* GuideHelpView.m */ = {isa = PBXFileReference; lastKnownFileType = sourcecode.c.objc; path = GuideHelpView.m; sourceTree = "<group>"; };
		8FEF0135209C3EF500C2F301 /* BaseTableVC.h */ = {isa = PBXFileReference; lastKnownFileType = sourcecode.c.h; path = BaseTableVC.h; sourceTree = "<group>"; };
		8FEF0136209C3EF500C2F301 /* BaseTableVC.m */ = {isa = PBXFileReference; lastKnownFileType = sourcecode.c.objc; path = BaseTableVC.m; sourceTree = "<group>"; };
		8FEF0138209C41BA00C2F301 /* HttpClient.h */ = {isa = PBXFileReference; lastKnownFileType = sourcecode.c.h; path = HttpClient.h; sourceTree = "<group>"; };
		8FEF0139209C41BA00C2F301 /* HttpClient.m */ = {isa = PBXFileReference; lastKnownFileType = sourcecode.c.objc; path = HttpClient.m; sourceTree = "<group>"; };
		8FEF013B209C41C800C2F301 /* DataManager.h */ = {isa = PBXFileReference; lastKnownFileType = sourcecode.c.h; path = DataManager.h; sourceTree = "<group>"; };
		8FEF013C209C41C800C2F301 /* DataManager.m */ = {isa = PBXFileReference; lastKnownFileType = sourcecode.c.objc; path = DataManager.m; sourceTree = "<group>"; };
		8FEF013E209C438000C2F301 /* UserModel.h */ = {isa = PBXFileReference; lastKnownFileType = sourcecode.c.h; path = UserModel.h; sourceTree = "<group>"; };
		8FEF013F209C438000C2F301 /* UserModel.m */ = {isa = PBXFileReference; lastKnownFileType = sourcecode.c.objc; path = UserModel.m; sourceTree = "<group>"; };
		8FEF0141209C545700C2F301 /* UIView+Frame.m */ = {isa = PBXFileReference; fileEncoding = 4; lastKnownFileType = sourcecode.c.objc; path = "UIView+Frame.m"; sourceTree = "<group>"; };
		8FEF0142209C545700C2F301 /* UIView+Frame.h */ = {isa = PBXFileReference; fileEncoding = 4; lastKnownFileType = sourcecode.c.h; path = "UIView+Frame.h"; sourceTree = "<group>"; };
		8FEF0144209C551300C2F301 /* FreshFishCell.h */ = {isa = PBXFileReference; lastKnownFileType = sourcecode.c.h; path = FreshFishCell.h; sourceTree = "<group>"; };
		8FEF0145209C551300C2F301 /* FreshFishCell.m */ = {isa = PBXFileReference; lastKnownFileType = sourcecode.c.objc; path = FreshFishCell.m; sourceTree = "<group>"; };
		8FEF0146209C551300C2F301 /* FreshFishCell.xib */ = {isa = PBXFileReference; lastKnownFileType = file.xib; path = FreshFishCell.xib; sourceTree = "<group>"; };
		8FEF0149209C595C00C2F301 /* UIResponder+CurrentResponder.h */ = {isa = PBXFileReference; fileEncoding = 4; lastKnownFileType = sourcecode.c.h; path = "UIResponder+CurrentResponder.h"; sourceTree = "<group>"; };
		8FEF014A209C595C00C2F301 /* UIResponder+CurrentResponder.m */ = {isa = PBXFileReference; fileEncoding = 4; lastKnownFileType = sourcecode.c.objc; path = "UIResponder+CurrentResponder.m"; sourceTree = "<group>"; };
		8FEF014C209C5B3B00C2F301 /* WebVC.h */ = {isa = PBXFileReference; lastKnownFileType = sourcecode.c.h; path = WebVC.h; sourceTree = "<group>"; };
		8FEF014D209C5B3B00C2F301 /* WebVC.m */ = {isa = PBXFileReference; lastKnownFileType = sourcecode.c.objc; path = WebVC.m; sourceTree = "<group>"; };
		8FEF014F209C5CC100C2F301 /* SuperNaviVC.h */ = {isa = PBXFileReference; lastKnownFileType = sourcecode.c.h; path = SuperNaviVC.h; sourceTree = "<group>"; };
		8FEF0150209C5CC100C2F301 /* SuperNaviVC.m */ = {isa = PBXFileReference; lastKnownFileType = sourcecode.c.objc; path = SuperNaviVC.m; sourceTree = "<group>"; };
		8FEF0156209C619300C2F301 /* LoginVC.h */ = {isa = PBXFileReference; lastKnownFileType = sourcecode.c.h; path = LoginVC.h; sourceTree = "<group>"; };
		8FEF0157209C619300C2F301 /* LoginVC.m */ = {isa = PBXFileReference; lastKnownFileType = sourcecode.c.objc; path = LoginVC.m; sourceTree = "<group>"; };
		A37BAFE98916D9177BA67A4D /* Pods_GoldenField.framework */ = {isa = PBXFileReference; explicitFileType = wrapper.framework; includeInIndex = 0; path = Pods_GoldenField.framework; sourceTree = BUILT_PRODUCTS_DIR; };
		AEEA02365E0B3A840EB5EA63 /* Pods-GoldenField.debug.xcconfig */ = {isa = PBXFileReference; includeInIndex = 1; lastKnownFileType = text.xcconfig; name = "Pods-GoldenField.debug.xcconfig"; path = "Pods/Target Support Files/Pods-GoldenField/Pods-GoldenField.debug.xcconfig"; sourceTree = "<group>"; };
/* End PBXFileReference section */

/* Begin PBXFrameworksBuildPhase section */
		8FA835A920FC9CAC0055F177 /* Frameworks */ = {
			isa = PBXFrameworksBuildPhase;
			buildActionMask = 2147483647;
			files = (
				8FA835AE20FC9CAC0055F177 /* UserNotificationsUI.framework in Frameworks */,
				8FA835AD20FC9CAC0055F177 /* UserNotifications.framework in Frameworks */,
			);
			runOnlyForDeploymentPostprocessing = 0;
		};
		8FD8CD4E209BEB3B00918C0C /* Frameworks */ = {
			isa = PBXFrameworksBuildPhase;
			buildActionMask = 2147483647;
			files = (
				8F4F6E9920A9597A00885A0D /* UserNotifications.framework in Frameworks */,
				0352B09B089EF7DD4B8EEB30 /* Pods_GoldenField.framework in Frameworks */,
			);
			runOnlyForDeploymentPostprocessing = 0;
		};
		8FD8CD66209BEB3D00918C0C /* Frameworks */ = {
			isa = PBXFrameworksBuildPhase;
			buildActionMask = 2147483647;
			files = (
			);
			runOnlyForDeploymentPostprocessing = 0;
		};
		8FD8CD71209BEB3D00918C0C /* Frameworks */ = {
			isa = PBXFrameworksBuildPhase;
			buildActionMask = 2147483647;
			files = (
			);
			runOnlyForDeploymentPostprocessing = 0;
		};
/* End PBXFrameworksBuildPhase section */

/* Begin PBXGroup section */
		70E6976CF8E61933B2F04B2C /* Frameworks */ = {
			isa = PBXGroup;
			children = (
				8FBBF65C20B7FB030015728D /* libWeChatSDK.a */,
				8F4F6E9820A9597A00885A0D /* UserNotifications.framework */,
				A37BAFE98916D9177BA67A4D /* Pods_GoldenField.framework */,
				8FA8357820FC98280055F177 /* UserNotificationsUI.framework */,
			);
			name = Frameworks;
			sourceTree = "<group>";
		};
		8F3C17C020CF731C009311FD /* theme resources */ = {
			isa = PBXGroup;
			children = (
				8F9F106F20BD580D00A0F317 /* ThemeDefault.plist */,
				8F9F106D20BD580C00A0F317 /* ThemeDefaultTag.plist */,
				8F9F106E20BD580C00A0F317 /* ThemeNight.plist */,
				8F9F107020BD580D00A0F317 /* ThemeNightTag.plist */,
			);
			path = "theme resources";
			sourceTree = "<group>";
		};
		8F3C17C120CF733E009311FD /* TouchID */ = {
			isa = PBXGroup;
			children = (
				8FA8ED9F20B3D821003551F9 /* TouchVC.h */,
				8FA8EDA020B3D821003551F9 /* TouchVC.m */,
			);
			path = TouchID;
			sourceTree = "<group>";
		};
		8F3C17C220CF7353009311FD /* AppDelegate */ = {
			isa = PBXGroup;
			children = (
				8FD8CD54209BEB3B00918C0C /* AppDelegate.h */,
				8FD8CD55209BEB3B00918C0C /* AppDelegate.m */,
				8F45B47C20F5DCA5005F811F /* AppDelegate+RemotePush.h */,
				8F45B47B20F5DCA4005F811F /* AppDelegate+RemotePush.m */,
				8F4F6E6A20A58A4200885A0D /* AppDelegate+Configuration.h */,
				8F4F6E6B20A58A4200885A0D /* AppDelegate+Configuration.m */,
			);
			path = AppDelegate;
			sourceTree = "<group>";
		};
		8F3C17C320CF7369009311FD /* Const&Define */ = {
			isa = PBXGroup;
			children = (
				8F3C17BD20CF7280009311FD /* CommonDefine.h */,
				8F3C17BE20CF7280009311FD /* CommonDefine.m */,
			);
			path = "Const&Define";
			sourceTree = "<group>";
		};
		8F45B43020F446E0005F811F /* HealthKit */ = {
			isa = PBXGroup;
			children = (
				8F45B43120F44701005F811F /* HealthVC.h */,
				8F45B43220F44701005F811F /* HealthVC.m */,
			);
			path = HealthKit;
			sourceTree = "<group>";
		};
		8F45B43420F44845005F811F /* iToast */ = {
			isa = PBXGroup;
			children = (
				8F4F6E2120A314E000885A0D /* iToast.h */,
				8F4F6E2020A314E000885A0D /* iToast.m */,
				8F45B43820F44946005F811F /* iToast+Category.h */,
				8F45B43920F44946005F811F /* iToast+Category.m */,
			);
			path = iToast;
			sourceTree = "<group>";
		};
		8F45B43B20F461B8005F811F /* YogaKit */ = {
			isa = PBXGroup;
			children = (
				8F45B43C20F461DA005F811F /* AutoLayoutVC.h */,
				8F45B43D20F461DA005F811F /* AutoLayoutVC.m */,
			);
			path = YogaKit;
			sourceTree = "<group>";
		};
		8F6AC82E20AEC08C003E68D6 /* Swift */ = {
			isa = PBXGroup;
			children = (
				8F6AC82820AEB0D1003E68D6 /* BaseController.swift */,
				8F6AC82A20AEB0DC003E68D6 /* WebController.swift */,
				8F6AC82C20AEB754003E68D6 /* NetManager.swift */,
				8F6AC82F20AEC0A9003E68D6 /* UIInitMethod.swift */,
				8F6AC83120AEC9B7003E68D6 /* ShareView.swift */,
				8F6AC83320AEEBDA003E68D6 /* TabbarController.swift */,
				8F6AC83920AEEF52003E68D6 /* Position(UIView).swift */,
				8F6AC83B20AEF27C003E68D6 /* Common(NSObejct).swift */,
			);
			path = Swift;
			sourceTree = "<group>";
		};
		8F9F106320BD3BEA00A0F317 /* Theme Manager */ = {
			isa = PBXGroup;
			children = (
				8F3C17C020CF731C009311FD /* theme resources */,
				8F9F107620BD59E400A0F317 /* UIColor+Hex.h */,
				8F9F107520BD59E400A0F317 /* UIColor+Hex.m */,
				8F9F106420BD3C0F00A0F317 /* UIView+ChangeThem.h */,
				8F9F106520BD3C0F00A0F317 /* UIView+ChangeThem.m */,
				8F9F107820BE323300A0F317 /* UILabel+ChangeThem.h */,
				8F9F107920BE323300A0F317 /* UILabel+ChangeThem.m */,
				8F9F107B20BE326400A0F317 /* UITableView+ChangeThem.h */,
				8F9F107C20BE326400A0F317 /* UITableView+ChangeThem.m */,
				8F9F107E20BE327100A0F317 /* UITableViewCell+ChangeThem.h */,
				8F9F107F20BE327100A0F317 /* UITableViewCell+ChangeThem.m */,
				8F9F106720BD3C6C00A0F317 /* SwizzleManager.h */,
				8F9F106820BD3C6C00A0F317 /* SwizzleManager.m */,
				8F9F106A20BD452E00A0F317 /* ThemManager.h */,
				8F9F106B20BD452E00A0F317 /* ThemManager.m */,
			);
			path = "Theme Manager";
			sourceTree = "<group>";
		};
		8FA835A120FC9A720055F177 /* NotificationContent */ = {
			isa = PBXGroup;
			children = (
				8FA8359C20FC9A720055F177 /* NotificationViewController.h */,
				8FA8359D20FC9A720055F177 /* NotificationViewController.m */,
				8FA8359F20FC9A720055F177 /* MainInterface.storyboard */,
				8FA835A020FC9A720055F177 /* Info.plist */,
			);
			path = NotificationContent;
			sourceTree = "<group>";
		};
		8FA835AF20FC9CAC0055F177 /* MyNotificationContent */ = {
			isa = PBXGroup;
			children = (
				8FA835B020FC9CAC0055F177 /* NotificationViewController.h */,
				8FA835B120FC9CAC0055F177 /* NotificationViewController.m */,
				8FA835B320FC9CAC0055F177 /* MainInterface.storyboard */,
				8FA835B620FC9CAC0055F177 /* Info.plist */,
			);
			path = MyNotificationContent;
			sourceTree = "<group>";
		};
		8FA8ED8420B3B073003551F9 /* GestureLock */ = {
			isa = PBXGroup;
			children = (
				8FA8ED9C20B3B33B003551F9 /* CALayer+Anim.h */,
				8FA8ED9D20B3B33B003551F9 /* CALayer+Anim.m */,
				8FA8ED9520B3B319003551F9 /* View */,
				8FA8ED8B20B3B308003551F9 /* FrameWork */,
			);
			path = GestureLock;
			sourceTree = "<group>";
		};
		8FA8ED8B20B3B308003551F9 /* FrameWork */ = {
			isa = PBXGroup;
			children = (
				8FA8ED8C20B3B308003551F9 /* PCCircleView.h */,
				8FA8ED9020B3B308003551F9 /* PCCircleView.m */,
				8FA8ED9120B3B308003551F9 /* PCCircle.h */,
				8FA8ED8E20B3B308003551F9 /* PCCircle.m */,
				8FA8ED8D20B3B308003551F9 /* PCCircleViewConst.h */,
				8FA8ED8F20B3B308003551F9 /* PCCircleViewConst.m */,
			);
			path = FrameWork;
			sourceTree = "<group>";
		};
		8FA8ED9520B3B319003551F9 /* View */ = {
			isa = PBXGroup;
			children = (
				8FA8ED9620B3B319003551F9 /* PCCircleInfoView.m */,
				8FA8ED9820B3B319003551F9 /* PCCircleInfoView.h */,
				8FA8ED9720B3B319003551F9 /* PCLockLabel.h */,
				8FA8ED9920B3B319003551F9 /* PCLockLabel.m */,
			);
			path = View;
			sourceTree = "<group>";
		};
		8FC83FDB20A197D100F753D6 /* Category */ = {
			isa = PBXGroup;
			children = (
				8F6AC7F920AAA889003E68D6 /* NSURLProtocol+WebKitSupport.h */,
				8F6AC7F820AAA889003E68D6 /* NSURLProtocol+WebKitSupport.m */,
				8FEF0149209C595C00C2F301 /* UIResponder+CurrentResponder.h */,
				8FEF014A209C595C00C2F301 /* UIResponder+CurrentResponder.m */,
				8FEF0142209C545700C2F301 /* UIView+Frame.h */,
				8FEF0141209C545700C2F301 /* UIView+Frame.m */,
				8F45B47220F5B617005F811F /* UIViewController+PopGesture.h */,
				8F45B47320F5B617005F811F /* UIViewController+PopGesture.m */,
				8F45B47520F5B688005F811F /* UIScrollView+PopGesture.h */,
				8F45B47620F5B688005F811F /* UIScrollView+PopGesture.m */,
			);
			path = Category;
			sourceTree = "<group>";
		};
		8FD8CD48209BEB3A00918C0C = {
			isa = PBXGroup;
			children = (
				8FD8CD53209BEB3B00918C0C /* GoldenField */,
				8FD8CD6C209BEB3D00918C0C /* GoldenFieldTests */,
				8FD8CD77209BEB3D00918C0C /* GoldenFieldUITests */,
				8FA835AF20FC9CAC0055F177 /* MyNotificationContent */,
				8FD8CD52209BEB3B00918C0C /* Products */,
				DD7611E6137260C7DA7E6F29 /* Pods */,
				70E6976CF8E61933B2F04B2C /* Frameworks */,
			);
			sourceTree = "<group>";
		};
		8FD8CD52209BEB3B00918C0C /* Products */ = {
			isa = PBXGroup;
			children = (
				8FD8CD51209BEB3B00918C0C /* GoldenField.app */,
				8FD8CD69209BEB3D00918C0C /* GoldenFieldTests.xctest */,
				8FD8CD74209BEB3D00918C0C /* GoldenFieldUITests.xctest */,
				8FA835AC20FC9CAC0055F177 /* MyNotificationContent.appex */,
			);
			name = Products;
			sourceTree = "<group>";
		};
		8FD8CD53209BEB3B00918C0C /* GoldenField */ = {
			isa = PBXGroup;
			children = (
				8FA8357020FC8AE50055F177 /* pushAttach.png */,
				8FD8CDA9209BF3AF00918C0C /* PrefixHeader.pch */,
				8F4F6E9720A9595800885A0D /* GoldenField.entitlements */,
				8FD8CD9A209BEF5700918C0C /* MainVC.h */,
				8FD8CD9B209BEF5700918C0C /* MainVC.m */,
				8F3C17C220CF7353009311FD /* AppDelegate */,
				8F45B43420F44845005F811F /* iToast */,
				8F45B43020F446E0005F811F /* HealthKit */,
				8F45B43B20F461B8005F811F /* YogaKit */,
				8F469E1220DC8C80007F1166 /* Configure.h */,
				8F6EC7FA20BFC3B0008F78CE /* WXManager.h */,
				8F6EC7FB20BFC3B0008F78CE /* WXManager.m */,
				8F3C17C320CF7369009311FD /* Const&Define */,
				8F3C17C120CF733E009311FD /* TouchID */,
				8F9F106320BD3BEA00A0F317 /* Theme Manager */,
				8FA8ED8420B3B073003551F9 /* GestureLock */,
				8F6AC82E20AEC08C003E68D6 /* Swift */,
				8FEF0152209C616500C2F301 /* Login */,
				8FEF0134209C317F00C2F301 /* Utils */,
				8FEF012D209C280A00C2F301 /* BaseMVC */,
				8FD8CD86209BEB7D00918C0C /* templates */,
				8FD8CD5A209BEB3B00918C0C /* Main.storyboard */,
				8FD8CD62209BEB3D00918C0C /* Info.plist */,
				8F18EAE020BBDEE900862CCE /* Assets.xcassets */,
				8FD8CD63209BEB3D00918C0C /* main.m */,
			);
			path = GoldenField;
			sourceTree = "<group>";
		};
		8FD8CD6C209BEB3D00918C0C /* GoldenFieldTests */ = {
			isa = PBXGroup;
			children = (
				8FD8CD6D209BEB3D00918C0C /* GoldenFieldTests.m */,
				8FD8CD6F209BEB3D00918C0C /* Info.plist */,
			);
			path = GoldenFieldTests;
			sourceTree = "<group>";
		};
		8FD8CD77209BEB3D00918C0C /* GoldenFieldUITests */ = {
			isa = PBXGroup;
			children = (
				8FD8CD78209BEB3D00918C0C /* GoldenFieldUITests.m */,
				8FD8CD7A209BEB3D00918C0C /* Info.plist */,
			);
			path = GoldenFieldUITests;
			sourceTree = "<group>";
		};
		8FD8CD86209BEB7D00918C0C /* templates */ = {
			isa = PBXGroup;
			children = (
				8FD8CD8A209BEBA300918C0C /* Mine */,
				8FD8CD89209BEB9B00918C0C /* Discovery */,
				8FD8CD88209BEB9000918C0C /* Products */,
				8FD8CD87209BEB8900918C0C /* Home */,
			);
			path = templates;
			sourceTree = "<group>";
		};
		8FD8CD87209BEB8900918C0C /* Home */ = {
			isa = PBXGroup;
			children = (
				8FD8CD8D209BEBB700918C0C /* Models */,
				8FD8CD8C209BEBB300918C0C /* Views */,
				8FD8CD8B209BEBAE00918C0C /* Controllers */,
			);
			path = Home;
			sourceTree = "<group>";
		};
		8FD8CD88209BEB9000918C0C /* Products */ = {
			isa = PBXGroup;
			children = (
				8FD8CD90209BEBC800918C0C /* Models */,
				8FD8CD8F209BEBC400918C0C /* Views */,
				8FD8CD8E209BEBC000918C0C /* Controllers */,
			);
			path = Products;
			sourceTree = "<group>";
		};
		8FD8CD89209BEB9B00918C0C /* Discovery */ = {
			isa = PBXGroup;
			children = (
				8FD8CD94209BEEE500918C0C /* Models */,
				8FD8CD92209BEC1D00918C0C /* Views */,
				8FD8CD91209BEBCF00918C0C /* Controllers */,
			);
			path = Discovery;
			sourceTree = "<group>";
		};
		8FD8CD8A209BEBA300918C0C /* Mine */ = {
			isa = PBXGroup;
			children = (
				8FD8CD98209BEF1E00918C0C /* Models */,
				8FD8CD97209BEF0E00918C0C /* Views */,
				8FD8CD96209BEF0500918C0C /* Controllers */,
			);
			path = Mine;
			sourceTree = "<group>";
		};
		8FD8CD8B209BEBAE00918C0C /* Controllers */ = {
			isa = PBXGroup;
			children = (
				8FD8CD9D209BF38500918C0C /* HomeVC.h */,
				8FD8CD9E209BF38500918C0C /* HomeVC.m */,
				8FC83FCC20A03FFA00F753D6 /* ScanVC.h */,
				8FC83FCD20A03FFA00F753D6 /* ScanVC.m */,
			);
			path = Controllers;
			sourceTree = "<group>";
		};
		8FD8CD8C209BEBB300918C0C /* Views */ = {
			isa = PBXGroup;
			children = (
				8FEF0144209C551300C2F301 /* FreshFishCell.h */,
				8FEF0145209C551300C2F301 /* FreshFishCell.m */,
				8FEF0146209C551300C2F301 /* FreshFishCell.xib */,
			);
			path = Views;
			sourceTree = "<group>";
		};
		8FD8CD8D209BEBB700918C0C /* Models */ = {
			isa = PBXGroup;
			children = (
			);
			path = Models;
			sourceTree = "<group>";
		};
		8FD8CD8E209BEBC000918C0C /* Controllers */ = {
			isa = PBXGroup;
			children = (
				8FD8CDA0209BF39100918C0C /* ProductVC.h */,
				8FD8CDA1209BF39100918C0C /* ProductVC.m */,
			);
			path = Controllers;
			sourceTree = "<group>";
		};
		8FD8CD8F209BEBC400918C0C /* Views */ = {
			isa = PBXGroup;
			children = (
			);
			path = Views;
			sourceTree = "<group>";
		};
		8FD8CD90209BEBC800918C0C /* Models */ = {
			isa = PBXGroup;
			children = (
			);
			path = Models;
			sourceTree = "<group>";
		};
		8FD8CD91209BEBCF00918C0C /* Controllers */ = {
			isa = PBXGroup;
			children = (
				8FD8CDA3209BF39B00918C0C /* DiscoveryVC.h */,
				8FD8CDA4209BF39B00918C0C /* DiscoveryVC.m */,
			);
			path = Controllers;
			sourceTree = "<group>";
		};
		8FD8CD92209BEC1D00918C0C /* Views */ = {
			isa = PBXGroup;
			children = (
				8F338DFA20A1A5EF0069CFC1 /* DiscoveryCell.h */,
				8F338DFB20A1A5EF0069CFC1 /* DiscoveryCell.m */,
				8F338E0020A1A6F50069CFC1 /* BoxView.h */,
				8F338E0120A1A6F50069CFC1 /* BoxView.m */,
			);
			path = Views;
			sourceTree = "<group>";
		};
		8FD8CD94209BEEE500918C0C /* Models */ = {
			isa = PBXGroup;
			children = (
				8F338DFD20A1A66A0069CFC1 /* DiscoveryModel.h */,
				8F338DFE20A1A66A0069CFC1 /* DiscoveryModel.m */,
			);
			path = Models;
			sourceTree = "<group>";
		};
		8FD8CD96209BEF0500918C0C /* Controllers */ = {
			isa = PBXGroup;
			children = (
				8FD8CDA6209BF3A300918C0C /* MineVC.h */,
				8FD8CDA7209BF3A300918C0C /* MineVC.m */,
				8F6EC88820C14AA2008F78CE /* CodeVerifyVC.h */,
				8F6EC88920C14AA2008F78CE /* CodeVerifyVC.m */,
				8FA8ED8520B3B199003551F9 /* SettingVC.h */,
				8FA8ED8620B3B199003551F9 /* SettingVC.m */,
				8FA8ED8820B3B2AB003551F9 /* GestureSettingVC.h */,
				8FA8ED8920B3B2AB003551F9 /* GestureSettingVC.m */,
				8F165B7920BE479F00851C8A /* SkinVC.h */,
				8F165B7A20BE479F00851C8A /* SkinVC.m */,
			);
			path = Controllers;
			sourceTree = "<group>";
		};
		8FD8CD97209BEF0E00918C0C /* Views */ = {
			isa = PBXGroup;
			children = (
			);
			path = Views;
			sourceTree = "<group>";
		};
		8FD8CD98209BEF1E00918C0C /* Models */ = {
			isa = PBXGroup;
			children = (
			);
			path = Models;
			sourceTree = "<group>";
		};
		8FEF012D209C280A00C2F301 /* BaseMVC */ = {
			isa = PBXGroup;
			children = (
				8FEF0130209C281D00C2F301 /* Models */,
				8FEF012F209C281900C2F301 /* Views */,
				8FEF012E209C281200C2F301 /* Controllers */,
			);
			path = BaseMVC;
			sourceTree = "<group>";
		};
		8FEF012E209C281200C2F301 /* Controllers */ = {
			isa = PBXGroup;
			children = (
				8FEF0135209C3EF500C2F301 /* BaseTableVC.h */,
				8FEF0136209C3EF500C2F301 /* BaseTableVC.m */,
				8FC83F87209FFBA000F753D6 /* BaseCollectionVC.h */,
				8FC83F88209FFBA000F753D6 /* BaseCollectionVC.m */,
				8FC83F81209FEF5500F753D6 /* BaseVC.h */,
				8FC83F82209FEF5500F753D6 /* BaseVC.m */,
				8FC83FCF20A1399100F753D6 /* BaseScrollVC.h */,
				8FC83FD020A1399100F753D6 /* BaseScrollVC.m */,
				8FEF014C209C5B3B00C2F301 /* WebVC.h */,
				8FEF014D209C5B3B00C2F301 /* WebVC.m */,
				8FEF014F209C5CC100C2F301 /* SuperNaviVC.h */,
				8FEF0150209C5CC100C2F301 /* SuperNaviVC.m */,
				8F6AC82720AEB0D0003E68D6 /* GoldenField-Bridging-Header.h */,
			);
			path = Controllers;
			sourceTree = "<group>";
		};
		8FEF012F209C281900C2F301 /* Views */ = {
			isa = PBXGroup;
			children = (
				8FC83FD220A1500300F753D6 /* LoadingAndRefreshView.h */,
				8FC83FD320A1500300F753D6 /* LoadingAndRefreshView.m */,
			);
			path = Views;
			sourceTree = "<group>";
		};
		8FEF0130209C281D00C2F301 /* Models */ = {
			isa = PBXGroup;
			children = (
				8FEF0138209C41BA00C2F301 /* HttpClient.h */,
				8FEF0139209C41BA00C2F301 /* HttpClient.m */,
				8FEF013E209C438000C2F301 /* UserModel.h */,
				8FEF013F209C438000C2F301 /* UserModel.m */,
				8FEF013B209C41C800C2F301 /* DataManager.h */,
				8FEF013C209C41C800C2F301 /* DataManager.m */,
				8FC83F84209FF37700F753D6 /* NetTool.h */,
				8FC83F85209FF37700F753D6 /* NetTool.m */,
				8F4F6E1D20A3103E00885A0D /* BaseModel.h */,
				8F4F6E1E20A3103E00885A0D /* BaseModel.m */,
				8FBBF66420B80B7F0015728D /* ResponseModel.h */,
				8FBBF66520B80B7F0015728D /* ResponseModel.m */,
				8F6EC89A20C7C0ED008F78CE /* RespondeData.h */,
				8F6EC89B20C7C0ED008F78CE /* RespondeData.m */,
				8F4F6E6520A52F3600885A0D /* GoldenField.db */,
			);
			path = Models;
			sourceTree = "<group>";
		};
		8FEF0134209C317F00C2F301 /* Utils */ = {
			isa = PBXGroup;
			children = (
				8FA835A120FC9A720055F177 /* NotificationContent */,
				8F6EC88620C14A34008F78CE /* NNValidationCodeView.h */,
				8F6EC88520C14A33008F78CE /* NNValidationCodeView.m */,
				8F6AC81F20AD641B003E68D6 /* SharePanel.h */,
				8F6AC81E20AD641A003E68D6 /* SharePanel.m */,
				8F469D2720D9F003007F1166 /* ScreenShotView.h */,
				8F469D2820D9F003007F1166 /* ScreenShotView.m */,
				8F6AC80620AD122D003E68D6 /* LoadingTipView.h */,
				8F6AC80720AD122E003E68D6 /* LoadingTipView.m */,
				8FC83FDB20A197D100F753D6 /* Category */,
				8F6AC7F720AAA888003E68D6 /* URLProtocol.h */,
				8F6AC7FA20AAA88A003E68D6 /* URLProtocol.m */,
				8FEF0131209C283D00C2F301 /* GuideHelpView.h */,
				8FEF0132209C283D00C2F301 /* GuideHelpView.m */,
				8F6AC81820AD291D003E68D6 /* AdvertiseView.h */,
				8F6AC81920AD291D003E68D6 /* AdvertiseView.m */,
				8FC83F7E209FE7AD00F753D6 /* UIInitMethod.h */,
				8FC83F7F209FE7AD00F753D6 /* UIInitMethod.m */,
			);
			path = Utils;
			sourceTree = "<group>";
		};
		8FEF0152209C616500C2F301 /* Login */ = {
			isa = PBXGroup;
			children = (
				8FEF0155209C618200C2F301 /* Models */,
				8FEF0154209C617A00C2F301 /* Views */,
				8FEF0153209C616D00C2F301 /* Controllers */,
			);
			path = Login;
			sourceTree = "<group>";
		};
		8FEF0153209C616D00C2F301 /* Controllers */ = {
			isa = PBXGroup;
			children = (
				8FEF0156209C619300C2F301 /* LoginVC.h */,
				8FEF0157209C619300C2F301 /* LoginVC.m */,
			);
			path = Controllers;
			sourceTree = "<group>";
		};
		8FEF0154209C617A00C2F301 /* Views */ = {
			isa = PBXGroup;
			children = (
				8F4F6E6720A5475E00885A0D /* ChanView.h */,
				8F4F6E6820A5475E00885A0D /* ChanView.m */,
			);
			path = Views;
			sourceTree = "<group>";
		};
		8FEF0155209C618200C2F301 /* Models */ = {
			isa = PBXGroup;
			children = (
			);
			path = Models;
			sourceTree = "<group>";
		};
		DD7611E6137260C7DA7E6F29 /* Pods */ = {
			isa = PBXGroup;
			children = (
				AEEA02365E0B3A840EB5EA63 /* Pods-GoldenField.debug.xcconfig */,
				3D4D14761B6F0283E6054ED9 /* Pods-GoldenField.release.xcconfig */,
			);
			name = Pods;
			sourceTree = "<group>";
		};
/* End PBXGroup section */

/* Begin PBXNativeTarget section */
		8FA835AB20FC9CAC0055F177 /* MyNotificationContent */ = {
			isa = PBXNativeTarget;
			buildConfigurationList = 8FA835BA20FC9CAC0055F177 /* Build configuration list for PBXNativeTarget "MyNotificationContent" */;
			buildPhases = (
				8FA835A820FC9CAC0055F177 /* Sources */,
				8FA835A920FC9CAC0055F177 /* Frameworks */,
				8FA835AA20FC9CAC0055F177 /* Resources */,
			);
			buildRules = (
			);
			dependencies = (
			);
			name = MyNotificationContent;
			productName = MyNotificationContent;
			productReference = 8FA835AC20FC9CAC0055F177 /* MyNotificationContent.appex */;
			productType = "com.apple.product-type.app-extension";
		};
		8FD8CD50209BEB3B00918C0C /* GoldenField */ = {
			isa = PBXNativeTarget;
			buildConfigurationList = 8FD8CD7D209BEB3D00918C0C /* Build configuration list for PBXNativeTarget "GoldenField" */;
			buildPhases = (
				26536E4A05399402BC3446D2 /* [CP] Check Pods Manifest.lock */,
				8FD8CD4D209BEB3B00918C0C /* Sources */,
				8FD8CD4E209BEB3B00918C0C /* Frameworks */,
				8FD8CD4F209BEB3B00918C0C /* Resources */,
				D5CDCC41315A563EC50BE36E /* [CP] Copy Pods Resources */,
				A780F936EC5FE779B335D0BA /* [CP] Embed Pods Frameworks */,
				8F45B46020F5A1CF005F811F /* Embed App Extensions */,
			);
			buildRules = (
			);
			dependencies = (
				8FA835B820FC9CAC0055F177 /* PBXTargetDependency */,
			);
			name = GoldenField;
			productName = GoldenField;
			productReference = 8FD8CD51209BEB3B00918C0C /* GoldenField.app */;
			productType = "com.apple.product-type.application";
		};
		8FD8CD68209BEB3D00918C0C /* GoldenFieldTests */ = {
			isa = PBXNativeTarget;
			buildConfigurationList = 8FD8CD80209BEB3D00918C0C /* Build configuration list for PBXNativeTarget "GoldenFieldTests" */;
			buildPhases = (
				8FD8CD65209BEB3D00918C0C /* Sources */,
				8FD8CD66209BEB3D00918C0C /* Frameworks */,
				8FD8CD67209BEB3D00918C0C /* Resources */,
			);
			buildRules = (
			);
			dependencies = (
				8FD8CD6B209BEB3D00918C0C /* PBXTargetDependency */,
			);
			name = GoldenFieldTests;
			productName = GoldenFieldTests;
			productReference = 8FD8CD69209BEB3D00918C0C /* GoldenFieldTests.xctest */;
			productType = "com.apple.product-type.bundle.unit-test";
		};
		8FD8CD73209BEB3D00918C0C /* GoldenFieldUITests */ = {
			isa = PBXNativeTarget;
			buildConfigurationList = 8FD8CD83209BEB3D00918C0C /* Build configuration list for PBXNativeTarget "GoldenFieldUITests" */;
			buildPhases = (
				8FD8CD70209BEB3D00918C0C /* Sources */,
				8FD8CD71209BEB3D00918C0C /* Frameworks */,
				8FD8CD72209BEB3D00918C0C /* Resources */,
			);
			buildRules = (
			);
			dependencies = (
				8FD8CD76209BEB3D00918C0C /* PBXTargetDependency */,
			);
			name = GoldenFieldUITests;
			productName = GoldenFieldUITests;
			productReference = 8FD8CD74209BEB3D00918C0C /* GoldenFieldUITests.xctest */;
			productType = "com.apple.product-type.bundle.ui-testing";
		};
/* End PBXNativeTarget section */

/* Begin PBXProject section */
		8FD8CD49209BEB3A00918C0C /* Project object */ = {
			isa = PBXProject;
			attributes = {
				LastUpgradeCheck = 0930;
				ORGANIZATIONNAME = Chan;
				TargetAttributes = {
					8FA835AB20FC9CAC0055F177 = {
						CreatedOnToolsVersion = 9.3;
					};
					8FD8CD50209BEB3B00918C0C = {
						CreatedOnToolsVersion = 9.3;
						LastSwiftMigration = 0930;
						SystemCapabilities = {
							com.apple.BackgroundModes = {
								enabled = 1;
							};
							com.apple.HealthKit = {
								enabled = 0;
							};
							com.apple.Push = {
								enabled = 1;
							};
						};
					};
					8FD8CD68209BEB3D00918C0C = {
						CreatedOnToolsVersion = 9.3;
						TestTargetID = 8FD8CD50209BEB3B00918C0C;
					};
					8FD8CD73209BEB3D00918C0C = {
						CreatedOnToolsVersion = 9.3;
						TestTargetID = 8FD8CD50209BEB3B00918C0C;
					};
				};
			};
			buildConfigurationList = 8FD8CD4C209BEB3A00918C0C /* Build configuration list for PBXProject "GoldenField" */;
			compatibilityVersion = "Xcode 9.3";
			developmentRegion = en;
			hasScannedForEncodings = 0;
			knownRegions = (
				en,
				Base,
			);
			mainGroup = 8FD8CD48209BEB3A00918C0C;
			productRefGroup = 8FD8CD52209BEB3B00918C0C /* Products */;
			projectDirPath = "";
			projectRoot = "";
			targets = (
				8FD8CD50209BEB3B00918C0C /* GoldenField */,
				8FD8CD68209BEB3D00918C0C /* GoldenFieldTests */,
				8FD8CD73209BEB3D00918C0C /* GoldenFieldUITests */,
				8FA835AB20FC9CAC0055F177 /* MyNotificationContent */,
			);
		};
/* End PBXProject section */

/* Begin PBXResourcesBuildPhase section */
		8FA835AA20FC9CAC0055F177 /* Resources */ = {
			isa = PBXResourcesBuildPhase;
			buildActionMask = 2147483647;
			files = (
				8FA835B520FC9CAC0055F177 /* MainInterface.storyboard in Resources */,
			);
			runOnlyForDeploymentPostprocessing = 0;
		};
		8FD8CD4F209BEB3B00918C0C /* Resources */ = {
			isa = PBXResourcesBuildPhase;
			buildActionMask = 2147483647;
			files = (
				8F9F107220BD580D00A0F317 /* ThemeNight.plist in Resources */,
				8FEF0148209C551300C2F301 /* FreshFishCell.xib in Resources */,
				8F9F107320BD580D00A0F317 /* ThemeDefault.plist in Resources */,
				8FD8CD5C209BEB3B00918C0C /* Main.storyboard in Resources */,
				8FA8357120FC8AE60055F177 /* pushAttach.png in Resources */,
				8F18EAE120BBDEE900862CCE /* Assets.xcassets in Resources */,
				8F9F107420BD580D00A0F317 /* ThemeNightTag.plist in Resources */,
				8F4F6E6620A52F3600885A0D /* GoldenField.db in Resources */,
				8F9F107120BD580D00A0F317 /* ThemeDefaultTag.plist in Resources */,
			);
			runOnlyForDeploymentPostprocessing = 0;
		};
		8FD8CD67209BEB3D00918C0C /* Resources */ = {
			isa = PBXResourcesBuildPhase;
			buildActionMask = 2147483647;
			files = (
			);
			runOnlyForDeploymentPostprocessing = 0;
		};
		8FD8CD72209BEB3D00918C0C /* Resources */ = {
			isa = PBXResourcesBuildPhase;
			buildActionMask = 2147483647;
			files = (
			);
			runOnlyForDeploymentPostprocessing = 0;
		};
/* End PBXResourcesBuildPhase section */

/* Begin PBXShellScriptBuildPhase section */
		26536E4A05399402BC3446D2 /* [CP] Check Pods Manifest.lock */ = {
			isa = PBXShellScriptBuildPhase;
			buildActionMask = 2147483647;
			files = (
			);
			inputPaths = (
				"${PODS_PODFILE_DIR_PATH}/Podfile.lock",
				"${PODS_ROOT}/Manifest.lock",
			);
			name = "[CP] Check Pods Manifest.lock";
			outputPaths = (
				"$(DERIVED_FILE_DIR)/Pods-GoldenField-checkManifestLockResult.txt",
			);
			runOnlyForDeploymentPostprocessing = 0;
			shellPath = /bin/sh;
			shellScript = "diff \"${PODS_PODFILE_DIR_PATH}/Podfile.lock\" \"${PODS_ROOT}/Manifest.lock\" > /dev/null\nif [ $? != 0 ] ; then\n    # print error to STDERR\n    echo \"error: The sandbox is not in sync with the Podfile.lock. Run 'pod install' or update your CocoaPods installation.\" >&2\n    exit 1\nfi\n# This output is used by Xcode 'outputs' to avoid re-running this script phase.\necho \"SUCCESS\" > \"${SCRIPT_OUTPUT_FILE_0}\"\n";
			showEnvVarsInLog = 0;
		};
		A780F936EC5FE779B335D0BA /* [CP] Embed Pods Frameworks */ = {
			isa = PBXShellScriptBuildPhase;
			buildActionMask = 2147483647;
			files = (
			);
			inputPaths = (
				"${SRCROOT}/Pods/Target Support Files/Pods-GoldenField/Pods-GoldenField-frameworks.sh",
				"${BUILT_PRODUCTS_DIR}/AFNetworking/AFNetworking.framework",
				"${BUILT_PRODUCTS_DIR}/FMDB/FMDB.framework",
				"${BUILT_PRODUCTS_DIR}/LCProgressHUD/LCProgressHUD.framework",
				"${BUILT_PRODUCTS_DIR}/LKDBHelper/LKDBHelper.framework",
				"${BUILT_PRODUCTS_DIR}/MBProgressHUD/MBProgressHUD.framework",
				"${BUILT_PRODUCTS_DIR}/MJExtension/MJExtension.framework",
				"${BUILT_PRODUCTS_DIR}/MJRefresh/MJRefresh.framework",
				"${BUILT_PRODUCTS_DIR}/Masonry/Masonry.framework",
				"${BUILT_PRODUCTS_DIR}/ReactiveCocoa/ReactiveCocoa.framework",
				"${BUILT_PRODUCTS_DIR}/RegexKitLite/RegexKitLite.framework",
				"${BUILT_PRODUCTS_DIR}/SDCycleScrollView/SDCycleScrollView.framework",
				"${BUILT_PRODUCTS_DIR}/SDWebImage/SDWebImage.framework",
				"${BUILT_PRODUCTS_DIR}/SGQRCode/SGQRCode.framework",
				"${BUILT_PRODUCTS_DIR}/Yoga/yoga.framework",
				"${BUILT_PRODUCTS_DIR}/YogaKit/YogaKit.framework",
			);
			name = "[CP] Embed Pods Frameworks";
			outputPaths = (
				"${TARGET_BUILD_DIR}/${FRAMEWORKS_FOLDER_PATH}/AFNetworking.framework",
				"${TARGET_BUILD_DIR}/${FRAMEWORKS_FOLDER_PATH}/FMDB.framework",
				"${TARGET_BUILD_DIR}/${FRAMEWORKS_FOLDER_PATH}/LCProgressHUD.framework",
				"${TARGET_BUILD_DIR}/${FRAMEWORKS_FOLDER_PATH}/LKDBHelper.framework",
				"${TARGET_BUILD_DIR}/${FRAMEWORKS_FOLDER_PATH}/MBProgressHUD.framework",
				"${TARGET_BUILD_DIR}/${FRAMEWORKS_FOLDER_PATH}/MJExtension.framework",
				"${TARGET_BUILD_DIR}/${FRAMEWORKS_FOLDER_PATH}/MJRefresh.framework",
				"${TARGET_BUILD_DIR}/${FRAMEWORKS_FOLDER_PATH}/Masonry.framework",
				"${TARGET_BUILD_DIR}/${FRAMEWORKS_FOLDER_PATH}/ReactiveCocoa.framework",
				"${TARGET_BUILD_DIR}/${FRAMEWORKS_FOLDER_PATH}/RegexKitLite.framework",
				"${TARGET_BUILD_DIR}/${FRAMEWORKS_FOLDER_PATH}/SDCycleScrollView.framework",
				"${TARGET_BUILD_DIR}/${FRAMEWORKS_FOLDER_PATH}/SDWebImage.framework",
				"${TARGET_BUILD_DIR}/${FRAMEWORKS_FOLDER_PATH}/SGQRCode.framework",
				"${TARGET_BUILD_DIR}/${FRAMEWORKS_FOLDER_PATH}/yoga.framework",
				"${TARGET_BUILD_DIR}/${FRAMEWORKS_FOLDER_PATH}/YogaKit.framework",
			);
			runOnlyForDeploymentPostprocessing = 0;
			shellPath = /bin/sh;
			shellScript = "\"${SRCROOT}/Pods/Target Support Files/Pods-GoldenField/Pods-GoldenField-frameworks.sh\"\n";
			showEnvVarsInLog = 0;
		};
		D5CDCC41315A563EC50BE36E /* [CP] Copy Pods Resources */ = {
			isa = PBXShellScriptBuildPhase;
			buildActionMask = 2147483647;
			files = (
			);
			inputPaths = (
				"${SRCROOT}/Pods/Target Support Files/Pods-GoldenField/Pods-GoldenField-resources.sh",
				"${PODS_ROOT}/UMCShare/UMShare/UMSocialUI/UMSocialSDKResources.bundle",
				"${PODS_ROOT}/Weibo_SDK/libWeiboSDK/WeiboSDK.bundle",
			);
			name = "[CP] Copy Pods Resources";
			outputPaths = (
				"${TARGET_BUILD_DIR}/${UNLOCALIZED_RESOURCES_FOLDER_PATH}/UMSocialSDKResources.bundle",
				"${TARGET_BUILD_DIR}/${UNLOCALIZED_RESOURCES_FOLDER_PATH}/WeiboSDK.bundle",
			);
			runOnlyForDeploymentPostprocessing = 0;
			shellPath = /bin/sh;
			shellScript = "\"${SRCROOT}/Pods/Target Support Files/Pods-GoldenField/Pods-GoldenField-resources.sh\"\n";
			showEnvVarsInLog = 0;
		};
/* End PBXShellScriptBuildPhase section */

/* Begin PBXSourcesBuildPhase section */
		8FA835A820FC9CAC0055F177 /* Sources */ = {
			isa = PBXSourcesBuildPhase;
			buildActionMask = 2147483647;
			files = (
				8FA835B220FC9CAC0055F177 /* NotificationViewController.m in Sources */,
			);
			runOnlyForDeploymentPostprocessing = 0;
		};
		8FD8CD4D209BEB3B00918C0C /* Sources */ = {
			isa = PBXSourcesBuildPhase;
			buildActionMask = 2147483647;
			files = (
				8F6AC82920AEB0D1003E68D6 /* BaseController.swift in Sources */,
				8FA8ED8A20B3B2AB003551F9 /* GestureSettingVC.m in Sources */,
				8FD8CD9C209BEF5700918C0C /* MainVC.m in Sources */,
				8FD8CDA2209BF39100918C0C /* ProductVC.m in Sources */,
				8FC83F80209FE7AD00F753D6 /* UIInitMethod.m in Sources */,
				8FA8ED9420B3B309003551F9 /* PCCircleView.m in Sources */,
				8F6EC88720C14A34008F78CE /* NNValidationCodeView.m in Sources */,
				8F4F6E2220A314E000885A0D /* iToast.m in Sources */,
				8FC83F83209FEF5500F753D6 /* BaseVC.m in Sources */,
				8FEF0158209C619300C2F301 /* LoginVC.m in Sources */,
				8FA8ED9A20B3B319003551F9 /* PCCircleInfoView.m in Sources */,
				8F45B47720F5B688005F811F /* UIScrollView+PopGesture.m in Sources */,
				8FEF0140209C438000C2F301 /* UserModel.m in Sources */,
				8FEF013A209C41BA00C2F301 /* HttpClient.m in Sources */,
				8F3C17BF20CF7280009311FD /* CommonDefine.m in Sources */,
				8F165B7B20BE479F00851C8A /* SkinVC.m in Sources */,
				8FA8ED9220B3B309003551F9 /* PCCircle.m in Sources */,
				8F9F107720BD59E400A0F317 /* UIColor+Hex.m in Sources */,
				8FD8CD9F209BF38500918C0C /* HomeVC.m in Sources */,
				8F6EC7FC20BFC3B0008F78CE /* WXManager.m in Sources */,
				8FEF0151209C5CC100C2F301 /* SuperNaviVC.m in Sources */,
				8FEF0143209C545800C2F301 /* UIView+Frame.m in Sources */,
				8FEF0137209C3EF500C2F301 /* BaseTableVC.m in Sources */,
				8FBBF66620B80B7F0015728D /* ResponseModel.m in Sources */,
				8F6AC83C20AEF27C003E68D6 /* Common(NSObejct).swift in Sources */,
				8FD8CD64209BEB3D00918C0C /* main.m in Sources */,
				8FEF0147209C551300C2F301 /* FreshFishCell.m in Sources */,
				8FEF014E209C5B3B00C2F301 /* WebVC.m in Sources */,
				8FA8ED8720B3B199003551F9 /* SettingVC.m in Sources */,
				8F9F106C20BD452E00A0F317 /* ThemManager.m in Sources */,
				8FC83FD420A1500300F753D6 /* LoadingAndRefreshView.m in Sources */,
				8F6AC81A20AD291D003E68D6 /* AdvertiseView.m in Sources */,
				8F6EC89C20C7C0ED008F78CE /* RespondeData.m in Sources */,
				8F45B43A20F44946005F811F /* iToast+Category.m in Sources */,
				8F45B43E20F461DA005F811F /* AutoLayoutVC.m in Sources */,
				8FA8EDA120B3D821003551F9 /* TouchVC.m in Sources */,
				8F6AC82020AD641B003E68D6 /* SharePanel.m in Sources */,
				8F45B47420F5B617005F811F /* UIViewController+PopGesture.m in Sources */,
				8F4F6E6920A5475E00885A0D /* ChanView.m in Sources */,
				8FEF0133209C283D00C2F301 /* GuideHelpView.m in Sources */,
				8F45B43320F44701005F811F /* HealthVC.m in Sources */,
				8F6AC82D20AEB754003E68D6 /* NetManager.swift in Sources */,
				8F469D2920D9F003007F1166 /* ScreenShotView.m in Sources */,
				8F9F106620BD3C0F00A0F317 /* UIView+ChangeThem.m in Sources */,
				8F9F108020BE327100A0F317 /* UITableViewCell+ChangeThem.m in Sources */,
				8FA8ED9B20B3B319003551F9 /* PCLockLabel.m in Sources */,
				8FA8ED9320B3B309003551F9 /* PCCircleViewConst.m in Sources */,
				8F6AC83A20AEEF52003E68D6 /* Position(UIView).swift in Sources */,
				8F338E0220A1A6F50069CFC1 /* BoxView.m in Sources */,
				8F6AC7FC20AAA88A003E68D6 /* URLProtocol.m in Sources */,
				8F6AC83220AEC9B7003E68D6 /* ShareView.swift in Sources */,
				8F9F106920BD3C6C00A0F317 /* SwizzleManager.m in Sources */,
				8F6AC7FB20AAA88A003E68D6 /* NSURLProtocol+WebKitSupport.m in Sources */,
				8FC83F89209FFBA000F753D6 /* BaseCollectionVC.m in Sources */,
				8F338DFC20A1A5EF0069CFC1 /* DiscoveryCell.m in Sources */,
				8F6AC82B20AEB0DC003E68D6 /* WebController.swift in Sources */,
				8F4F6E6C20A58A4200885A0D /* AppDelegate+Configuration.m in Sources */,
				8FEF014B209C595D00C2F301 /* UIResponder+CurrentResponder.m in Sources */,
				8FD8CD56209BEB3B00918C0C /* AppDelegate.m in Sources */,
				8F9F107D20BE326400A0F317 /* UITableView+ChangeThem.m in Sources */,
				8F6EC88A20C14AA2008F78CE /* CodeVerifyVC.m in Sources */,
				8FD8CDA8209BF3A300918C0C /* MineVC.m in Sources */,
				8F6AC83020AEC0A9003E68D6 /* UIInitMethod.swift in Sources */,
				8F4F6E1F20A3103E00885A0D /* BaseModel.m in Sources */,
				8FC83FCE20A03FFA00F753D6 /* ScanVC.m in Sources */,
				8F45B47D20F5DCA5005F811F /* AppDelegate+RemotePush.m in Sources */,
				8FC83FD120A1399100F753D6 /* BaseScrollVC.m in Sources */,
				8FEF013D209C41C800C2F301 /* DataManager.m in Sources */,
				8FA8ED9E20B3B33B003551F9 /* CALayer+Anim.m in Sources */,
				8F6AC83420AEEBDA003E68D6 /* TabbarController.swift in Sources */,
				8FC83F86209FF37700F753D6 /* NetTool.m in Sources */,
				8F9F107A20BE323300A0F317 /* UILabel+ChangeThem.m in Sources */,
				8F338DFF20A1A66A0069CFC1 /* DiscoveryModel.m in Sources */,
				8FD8CDA5209BF39B00918C0C /* DiscoveryVC.m in Sources */,
				8F6AC80820AD122E003E68D6 /* LoadingTipView.m in Sources */,
			);
			runOnlyForDeploymentPostprocessing = 0;
		};
		8FD8CD65209BEB3D00918C0C /* Sources */ = {
			isa = PBXSourcesBuildPhase;
			buildActionMask = 2147483647;
			files = (
				8FD8CD6E209BEB3D00918C0C /* GoldenFieldTests.m in Sources */,
			);
			runOnlyForDeploymentPostprocessing = 0;
		};
		8FD8CD70209BEB3D00918C0C /* Sources */ = {
			isa = PBXSourcesBuildPhase;
			buildActionMask = 2147483647;
			files = (
				8FD8CD79209BEB3D00918C0C /* GoldenFieldUITests.m in Sources */,
			);
			runOnlyForDeploymentPostprocessing = 0;
		};
/* End PBXSourcesBuildPhase section */

/* Begin PBXTargetDependency section */
		8FA835B820FC9CAC0055F177 /* PBXTargetDependency */ = {
			isa = PBXTargetDependency;
			target = 8FA835AB20FC9CAC0055F177 /* MyNotificationContent */;
			targetProxy = 8FA835B720FC9CAC0055F177 /* PBXContainerItemProxy */;
		};
		8FD8CD6B209BEB3D00918C0C /* PBXTargetDependency */ = {
			isa = PBXTargetDependency;
			target = 8FD8CD50209BEB3B00918C0C /* GoldenField */;
			targetProxy = 8FD8CD6A209BEB3D00918C0C /* PBXContainerItemProxy */;
		};
		8FD8CD76209BEB3D00918C0C /* PBXTargetDependency */ = {
			isa = PBXTargetDependency;
			target = 8FD8CD50209BEB3B00918C0C /* GoldenField */;
			targetProxy = 8FD8CD75209BEB3D00918C0C /* PBXContainerItemProxy */;
		};
/* End PBXTargetDependency section */

/* Begin PBXVariantGroup section */
		8FA8359F20FC9A720055F177 /* MainInterface.storyboard */ = {
			isa = PBXVariantGroup;
			children = (
				8FA8359E20FC9A720055F177 /* Base */,
			);
			name = MainInterface.storyboard;
			sourceTree = "<group>";
		};
		8FA835B320FC9CAC0055F177 /* MainInterface.storyboard */ = {
			isa = PBXVariantGroup;
			children = (
				8FA835B420FC9CAC0055F177 /* Base */,
			);
			name = MainInterface.storyboard;
			sourceTree = "<group>";
		};
		8FD8CD5A209BEB3B00918C0C /* Main.storyboard */ = {
			isa = PBXVariantGroup;
			children = (
				8FD8CD5B209BEB3B00918C0C /* Base */,
			);
			name = Main.storyboard;
			sourceTree = "<group>";
		};
/* End PBXVariantGroup section */

/* Begin XCBuildConfiguration section */
		8FA835BB20FC9CAC0055F177 /* Debug */ = {
			isa = XCBuildConfiguration;
			buildSettings = {
				CODE_SIGN_IDENTITY = "iPhone Developer";
				CODE_SIGN_STYLE = Automatic;
				DEVELOPMENT_TEAM = V3WGXX8M8S;
				INFOPLIST_FILE = MyNotificationContent/Info.plist;
				LD_RUNPATH_SEARCH_PATHS = (
					"$(inherited)",
					"@executable_path/Frameworks",
					"@executable_path/../../Frameworks",
				);
				PRODUCT_BUNDLE_IDENTIFIER = com.qianft.GoldenField.MyNotificationContent;
				PRODUCT_NAME = "$(TARGET_NAME)";
				SKIP_INSTALL = YES;
				TARGETED_DEVICE_FAMILY = "1,2";
			};
			name = Debug;
		};
		8FA835BC20FC9CAC0055F177 /* Release */ = {
			isa = XCBuildConfiguration;
			buildSettings = {
				CODE_SIGN_IDENTITY = "iPhone Developer";
				CODE_SIGN_STYLE = Automatic;
				DEVELOPMENT_TEAM = V3WGXX8M8S;
				INFOPLIST_FILE = MyNotificationContent/Info.plist;
				LD_RUNPATH_SEARCH_PATHS = (
					"$(inherited)",
					"@executable_path/Frameworks",
					"@executable_path/../../Frameworks",
				);
				PRODUCT_BUNDLE_IDENTIFIER = com.qianft.GoldenField.MyNotificationContent;
				PRODUCT_NAME = "$(TARGET_NAME)";
				SKIP_INSTALL = YES;
				TARGETED_DEVICE_FAMILY = "1,2";
			};
			name = Release;
		};
		8FD8CD7B209BEB3D00918C0C /* Debug */ = {
			isa = XCBuildConfiguration;
			buildSettings = {
				ALWAYS_SEARCH_USER_PATHS = NO;
				CLANG_ANALYZER_NONNULL = YES;
				CLANG_ANALYZER_NUMBER_OBJECT_CONVERSION = YES_AGGRESSIVE;
				CLANG_CXX_LANGUAGE_STANDARD = "gnu++14";
				CLANG_CXX_LIBRARY = "libc++";
				CLANG_ENABLE_MODULES = YES;
				CLANG_ENABLE_OBJC_ARC = YES;
				CLANG_ENABLE_OBJC_WEAK = YES;
				CLANG_WARN_BLOCK_CAPTURE_AUTORELEASING = YES;
				CLANG_WARN_BOOL_CONVERSION = YES;
				CLANG_WARN_COMMA = YES;
				CLANG_WARN_CONSTANT_CONVERSION = YES;
				CLANG_WARN_DEPRECATED_OBJC_IMPLEMENTATIONS = YES;
				CLANG_WARN_DIRECT_OBJC_ISA_USAGE = YES_ERROR;
				CLANG_WARN_DOCUMENTATION_COMMENTS = YES;
				CLANG_WARN_EMPTY_BODY = YES;
				CLANG_WARN_ENUM_CONVERSION = YES;
				CLANG_WARN_INFINITE_RECURSION = YES;
				CLANG_WARN_INT_CONVERSION = YES;
				CLANG_WARN_NON_LITERAL_NULL_CONVERSION = YES;
				CLANG_WARN_OBJC_IMPLICIT_RETAIN_SELF = YES;
				CLANG_WARN_OBJC_LITERAL_CONVERSION = YES;
				CLANG_WARN_OBJC_ROOT_CLASS = YES_ERROR;
				CLANG_WARN_RANGE_LOOP_ANALYSIS = YES;
				CLANG_WARN_STRICT_PROTOTYPES = YES;
				CLANG_WARN_SUSPICIOUS_MOVE = YES;
				CLANG_WARN_UNGUARDED_AVAILABILITY = YES_AGGRESSIVE;
				CLANG_WARN_UNREACHABLE_CODE = YES;
				CLANG_WARN__DUPLICATE_METHOD_MATCH = YES;
				CODE_SIGN_IDENTITY = "iPhone Developer";
				COPY_PHASE_STRIP = NO;
				DEBUG_INFORMATION_FORMAT = dwarf;
				ENABLE_STRICT_OBJC_MSGSEND = YES;
				ENABLE_TESTABILITY = YES;
				GCC_C_LANGUAGE_STANDARD = gnu11;
				GCC_DYNAMIC_NO_PIC = NO;
				GCC_NO_COMMON_BLOCKS = YES;
				GCC_OPTIMIZATION_LEVEL = 0;
				GCC_PREPROCESSOR_DEFINITIONS = (
					"DEBUG=1",
					"$(inherited)",
				);
				GCC_WARN_64_TO_32_BIT_CONVERSION = YES;
				GCC_WARN_ABOUT_RETURN_TYPE = YES_ERROR;
				GCC_WARN_UNDECLARED_SELECTOR = YES;
				GCC_WARN_UNINITIALIZED_AUTOS = YES_AGGRESSIVE;
				GCC_WARN_UNUSED_FUNCTION = YES;
				GCC_WARN_UNUSED_VARIABLE = YES;
				IPHONEOS_DEPLOYMENT_TARGET = 11.3;
				MTL_ENABLE_DEBUG_INFO = YES;
				ONLY_ACTIVE_ARCH = YES;
				SDKROOT = iphoneos;
			};
			name = Debug;
		};
		8FD8CD7C209BEB3D00918C0C /* Release */ = {
			isa = XCBuildConfiguration;
			buildSettings = {
				ALWAYS_SEARCH_USER_PATHS = NO;
				CLANG_ANALYZER_NONNULL = YES;
				CLANG_ANALYZER_NUMBER_OBJECT_CONVERSION = YES_AGGRESSIVE;
				CLANG_CXX_LANGUAGE_STANDARD = "gnu++14";
				CLANG_CXX_LIBRARY = "libc++";
				CLANG_ENABLE_MODULES = YES;
				CLANG_ENABLE_OBJC_ARC = YES;
				CLANG_ENABLE_OBJC_WEAK = YES;
				CLANG_WARN_BLOCK_CAPTURE_AUTORELEASING = YES;
				CLANG_WARN_BOOL_CONVERSION = YES;
				CLANG_WARN_COMMA = YES;
				CLANG_WARN_CONSTANT_CONVERSION = YES;
				CLANG_WARN_DEPRECATED_OBJC_IMPLEMENTATIONS = YES;
				CLANG_WARN_DIRECT_OBJC_ISA_USAGE = YES_ERROR;
				CLANG_WARN_DOCUMENTATION_COMMENTS = YES;
				CLANG_WARN_EMPTY_BODY = YES;
				CLANG_WARN_ENUM_CONVERSION = YES;
				CLANG_WARN_INFINITE_RECURSION = YES;
				CLANG_WARN_INT_CONVERSION = YES;
				CLANG_WARN_NON_LITERAL_NULL_CONVERSION = YES;
				CLANG_WARN_OBJC_IMPLICIT_RETAIN_SELF = YES;
				CLANG_WARN_OBJC_LITERAL_CONVERSION = YES;
				CLANG_WARN_OBJC_ROOT_CLASS = YES_ERROR;
				CLANG_WARN_RANGE_LOOP_ANALYSIS = YES;
				CLANG_WARN_STRICT_PROTOTYPES = YES;
				CLANG_WARN_SUSPICIOUS_MOVE = YES;
				CLANG_WARN_UNGUARDED_AVAILABILITY = YES_AGGRESSIVE;
				CLANG_WARN_UNREACHABLE_CODE = YES;
				CLANG_WARN__DUPLICATE_METHOD_MATCH = YES;
				CODE_SIGN_IDENTITY = "iPhone Developer";
				COPY_PHASE_STRIP = NO;
				DEBUG_INFORMATION_FORMAT = "dwarf-with-dsym";
				ENABLE_NS_ASSERTIONS = NO;
				ENABLE_STRICT_OBJC_MSGSEND = YES;
				GCC_C_LANGUAGE_STANDARD = gnu11;
				GCC_NO_COMMON_BLOCKS = YES;
				GCC_WARN_64_TO_32_BIT_CONVERSION = YES;
				GCC_WARN_ABOUT_RETURN_TYPE = YES_ERROR;
				GCC_WARN_UNDECLARED_SELECTOR = YES;
				GCC_WARN_UNINITIALIZED_AUTOS = YES_AGGRESSIVE;
				GCC_WARN_UNUSED_FUNCTION = YES;
				GCC_WARN_UNUSED_VARIABLE = YES;
				IPHONEOS_DEPLOYMENT_TARGET = 11.3;
				MTL_ENABLE_DEBUG_INFO = NO;
				SDKROOT = iphoneos;
				VALIDATE_PRODUCT = YES;
			};
			name = Release;
		};
		8FD8CD7E209BEB3D00918C0C /* Debug */ = {
			isa = XCBuildConfiguration;
			baseConfigurationReference = AEEA02365E0B3A840EB5EA63 /* Pods-GoldenField.debug.xcconfig */;
			buildSettings = {
				ASSETCATALOG_COMPILER_APPICON_NAME = AppIcon;
				ASSETCATALOG_COMPILER_LAUNCHIMAGE_NAME = "LaunchImage-1";
				CLANG_ENABLE_MODULES = YES;
				CODE_SIGN_ENTITLEMENTS = GoldenField/GoldenField.entitlements;
				CODE_SIGN_IDENTITY = "iPhone Developer";
				CODE_SIGN_STYLE = Automatic;
				DEVELOPMENT_TEAM = V3WGXX8M8S;
				FRAMEWORK_SEARCH_PATHS = (
					"$(inherited)",
					"$(PROJECT_DIR)/GoldenField/Share/UMSocial_6.4.4/UMSocialUI",
					"$(PROJECT_DIR)/GoldenField/Share/UMSocial_6.4.4/UMSocialSDK",
					"$(PROJECT_DIR)/GoldenField/Share/UMSocial_6.4.4/SocialLibraries/QQ/QQSDK",
				);
				GCC_PRECOMPILE_PREFIX_HEADER = YES;
				GCC_PREFIX_HEADER = "$(SRCROOT)/GoldenField/PrefixHeader.pch";
				GCC_PREPROCESSOR_DEFINITIONS = (
					"$(inherited)",
					"DEBUG=1",
					"isTrueEnviroment=0",
					"COCOAPODS=1",
				);
				INFOPLIST_FILE = GoldenField/Info.plist;
				IPHONEOS_DEPLOYMENT_TARGET = 8.0;
				LD_RUNPATH_SEARCH_PATHS = (
					"$(inherited)",
					"@executable_path/Frameworks",
				);
				LIBRARY_SEARCH_PATHS = (
					"$(inherited)",
					"$(PROJECT_DIR)/GoldenField/Share/UMSocial_6.4.4/SocialLibraries/SMS",
					"$(PROJECT_DIR)/GoldenField/Share/UMSocial_6.4.4/SocialLibraries/WeChat",
					"$(PROJECT_DIR)/GoldenField/Share/UMSocial_6.4.4/SocialLibraries/WeChat/WechatSDK",
					"$(PROJECT_DIR)/GoldenField/Share/UMSocial_6.4.4/SocialLibraries/QQ",
					"$(PROJECT_DIR)/GoldenField/Share/UMSocial_6.4.4/UMSocialSDKPlugin",
					"$(PROJECT_DIR)/Pods/UMCShare/UMShare/SocialLibraries/WeChat/WechatSDK",
				);
				PRODUCT_BUNDLE_IDENTIFIER = com.qianft.GoldenField;
				PRODUCT_NAME = "$(TARGET_NAME)";
				PROVISIONING_PROFILE = "";
				PROVISIONING_PROFILE_SPECIFIER = "";
				SWIFT_OBJC_BRIDGING_HEADER = "GoldenField/BaseMVC/Controllers/GoldenField-Bridging-Header.h";
				SWIFT_OPTIMIZATION_LEVEL = "-Onone";
				SWIFT_VERSION = 3.0;
				TARGETED_DEVICE_FAMILY = "1,2";
			};
			name = Debug;
		};
		8FD8CD7F209BEB3D00918C0C /* Release */ = {
			isa = XCBuildConfiguration;
			baseConfigurationReference = 3D4D14761B6F0283E6054ED9 /* Pods-GoldenField.release.xcconfig */;
			buildSettings = {
				ASSETCATALOG_COMPILER_APPICON_NAME = AppIcon;
				ASSETCATALOG_COMPILER_LAUNCHIMAGE_NAME = "LaunchImage-1";
				CLANG_ENABLE_MODULES = YES;
				CODE_SIGN_ENTITLEMENTS = GoldenField/GoldenField.entitlements;
				CODE_SIGN_IDENTITY = "iPhone Developer";
				CODE_SIGN_STYLE = Automatic;
				DEVELOPMENT_TEAM = V3WGXX8M8S;
				FRAMEWORK_SEARCH_PATHS = (
					"$(inherited)",
					"$(PROJECT_DIR)/GoldenField/Share/UMSocial_6.4.4/UMSocialUI",
					"$(PROJECT_DIR)/GoldenField/Share/UMSocial_6.4.4/UMSocialSDK",
					"$(PROJECT_DIR)/GoldenField/Share/UMSocial_6.4.4/SocialLibraries/QQ/QQSDK",
				);
				GCC_PRECOMPILE_PREFIX_HEADER = YES;
				GCC_PREFIX_HEADER = "$(SRCROOT)/GoldenField/PrefixHeader.pch";
				GCC_PREPROCESSOR_DEFINITIONS = (
					"DEBUG=0",
					"$(inherited)",
					"COCOAPODS=1",
					"isTrueEnviroment=1",
				);
				INFOPLIST_FILE = GoldenField/Info.plist;
				IPHONEOS_DEPLOYMENT_TARGET = 8.0;
				LD_RUNPATH_SEARCH_PATHS = (
					"$(inherited)",
					"@executable_path/Frameworks",
				);
				LIBRARY_SEARCH_PATHS = (
					"$(inherited)",
					"$(PROJECT_DIR)/GoldenField/Share/UMSocial_6.4.4/SocialLibraries/SMS",
					"$(PROJECT_DIR)/GoldenField/Share/UMSocial_6.4.4/SocialLibraries/WeChat",
					"$(PROJECT_DIR)/GoldenField/Share/UMSocial_6.4.4/SocialLibraries/WeChat/WechatSDK",
					"$(PROJECT_DIR)/GoldenField/Share/UMSocial_6.4.4/SocialLibraries/QQ",
					"$(PROJECT_DIR)/GoldenField/Share/UMSocial_6.4.4/UMSocialSDKPlugin",
					"$(PROJECT_DIR)/Pods/UMCShare/UMShare/SocialLibraries/WeChat/WechatSDK",
				);
				PRODUCT_BUNDLE_IDENTIFIER = com.qianft.GoldenField;
				PRODUCT_NAME = "$(TARGET_NAME)";
				PROVISIONING_PROFILE_SPECIFIER = "";
				SWIFT_OBJC_BRIDGING_HEADER = "GoldenField/BaseMVC/Controllers/GoldenField-Bridging-Header.h";
				SWIFT_VERSION = 3.0;
				TARGETED_DEVICE_FAMILY = "1,2";
			};
			name = Release;
		};
		8FD8CD81209BEB3D00918C0C /* Debug */ = {
			isa = XCBuildConfiguration;
			buildSettings = {
				ALWAYS_EMBED_SWIFT_STANDARD_LIBRARIES = YES;
				BUNDLE_LOADER = "$(TEST_HOST)";
				CODE_SIGN_STYLE = Automatic;
				DEVELOPMENT_TEAM = V3WGXX8M8S;
				INFOPLIST_FILE = GoldenFieldTests/Info.plist;
				LD_RUNPATH_SEARCH_PATHS = (
					"$(inherited)",
					"@executable_path/Frameworks",
					"@loader_path/Frameworks",
				);
				PRODUCT_BUNDLE_IDENTIFIER = com.qianft.GoldenFieldTests;
				PRODUCT_NAME = "$(TARGET_NAME)";
				TARGETED_DEVICE_FAMILY = "1,2";
				TEST_HOST = "$(BUILT_PRODUCTS_DIR)/GoldenField.app/GoldenField";
			};
			name = Debug;
		};
		8FD8CD82209BEB3D00918C0C /* Release */ = {
			isa = XCBuildConfiguration;
			buildSettings = {
				ALWAYS_EMBED_SWIFT_STANDARD_LIBRARIES = YES;
				BUNDLE_LOADER = "$(TEST_HOST)";
				CODE_SIGN_STYLE = Automatic;
				DEVELOPMENT_TEAM = V3WGXX8M8S;
				INFOPLIST_FILE = GoldenFieldTests/Info.plist;
				LD_RUNPATH_SEARCH_PATHS = (
					"$(inherited)",
					"@executable_path/Frameworks",
					"@loader_path/Frameworks",
				);
				PRODUCT_BUNDLE_IDENTIFIER = com.qianft.GoldenFieldTests;
				PRODUCT_NAME = "$(TARGET_NAME)";
				TARGETED_DEVICE_FAMILY = "1,2";
				TEST_HOST = "$(BUILT_PRODUCTS_DIR)/GoldenField.app/GoldenField";
			};
			name = Release;
		};
		8FD8CD84209BEB3D00918C0C /* Debug */ = {
			isa = XCBuildConfiguration;
			buildSettings = {
				ALWAYS_EMBED_SWIFT_STANDARD_LIBRARIES = YES;
				CODE_SIGN_STYLE = Automatic;
				DEVELOPMENT_TEAM = V3WGXX8M8S;
				INFOPLIST_FILE = GoldenFieldUITests/Info.plist;
				LD_RUNPATH_SEARCH_PATHS = (
					"$(inherited)",
					"@executable_path/Frameworks",
					"@loader_path/Frameworks",
				);
				PRODUCT_BUNDLE_IDENTIFIER = com.qianft.GoldenFieldUITests;
				PRODUCT_NAME = "$(TARGET_NAME)";
				TARGETED_DEVICE_FAMILY = "1,2";
				TEST_TARGET_NAME = GoldenField;
			};
			name = Debug;
		};
		8FD8CD85209BEB3D00918C0C /* Release */ = {
			isa = XCBuildConfiguration;
			buildSettings = {
				ALWAYS_EMBED_SWIFT_STANDARD_LIBRARIES = YES;
				CODE_SIGN_STYLE = Automatic;
				DEVELOPMENT_TEAM = V3WGXX8M8S;
				INFOPLIST_FILE = GoldenFieldUITests/Info.plist;
				LD_RUNPATH_SEARCH_PATHS = (
					"$(inherited)",
					"@executable_path/Frameworks",
					"@loader_path/Frameworks",
				);
				PRODUCT_BUNDLE_IDENTIFIER = com.qianft.GoldenFieldUITests;
				PRODUCT_NAME = "$(TARGET_NAME)";
				TARGETED_DEVICE_FAMILY = "1,2";
				TEST_TARGET_NAME = GoldenField;
			};
			name = Release;
		};
/* End XCBuildConfiguration section */

/* Begin XCConfigurationList section */
		8FA835BA20FC9CAC0055F177 /* Build configuration list for PBXNativeTarget "MyNotificationContent" */ = {
			isa = XCConfigurationList;
			buildConfigurations = (
				8FA835BB20FC9CAC0055F177 /* Debug */,
				8FA835BC20FC9CAC0055F177 /* Release */,
			);
			defaultConfigurationIsVisible = 0;
			defaultConfigurationName = Release;
		};
		8FD8CD4C209BEB3A00918C0C /* Build configuration list for PBXProject "GoldenField" */ = {
			isa = XCConfigurationList;
			buildConfigurations = (
				8FD8CD7B209BEB3D00918C0C /* Debug */,
				8FD8CD7C209BEB3D00918C0C /* Release */,
			);
			defaultConfigurationIsVisible = 0;
			defaultConfigurationName = Release;
		};
		8FD8CD7D209BEB3D00918C0C /* Build configuration list for PBXNativeTarget "GoldenField" */ = {
			isa = XCConfigurationList;
			buildConfigurations = (
				8FD8CD7E209BEB3D00918C0C /* Debug */,
				8FD8CD7F209BEB3D00918C0C /* Release */,
			);
			defaultConfigurationIsVisible = 0;
			defaultConfigurationName = Release;
		};
		8FD8CD80209BEB3D00918C0C /* Build configuration list for PBXNativeTarget "GoldenFieldTests" */ = {
			isa = XCConfigurationList;
			buildConfigurations = (
				8FD8CD81209BEB3D00918C0C /* Debug */,
				8FD8CD82209BEB3D00918C0C /* Release */,
			);
			defaultConfigurationIsVisible = 0;
			defaultConfigurationName = Release;
		};
		8FD8CD83209BEB3D00918C0C /* Build configuration list for PBXNativeTarget "GoldenFieldUITests" */ = {
			isa = XCConfigurationList;
			buildConfigurations = (
				8FD8CD84209BEB3D00918C0C /* Debug */,
				8FD8CD85209BEB3D00918C0C /* Release */,
			);
			defaultConfigurationIsVisible = 0;
			defaultConfigurationName = Release;
		};
/* End XCConfigurationList section */
	};
	rootObject = 8FD8CD49209BEB3A00918C0C /* Project object */;
}
