// !$*UTF8*$!
{
	archiveVersion = 1;
	classes = {
	};
	objectVersion = 50;
	objects = {

/* Begin PBXBuildFile section */
		8FC83F80209FE7AD00F753D6 /* UIInitMethod.m in Sources */ = {isa = PBXBuildFile; fileRef = 8FC83F7F209FE7AD00F753D6 /* UIInitMethod.m */; settings = {COMPILER_FLAGS = "-fno-objc-arc"; }; };
		8FC83F83209FEF5500F753D6 /* BaseVC.m in Sources */ = {isa = PBXBuildFile; fileRef = 8FC83F82209FEF5500F753D6 /* BaseVC.m */; };
		8FD8CD56209BEB3B00918C0C /* AppDelegate.m in Sources */ = {isa = PBXBuildFile; fileRef = 8FD8CD55209BEB3B00918C0C /* AppDelegate.m */; };
		8FD8CD5C209BEB3B00918C0C /* Main.storyboard in Resources */ = {isa = PBXBuildFile; fileRef = 8FD8CD5A209BEB3B00918C0C /* Main.storyboard */; };
		8FD8CD5E209BEB3D00918C0C /* Assets.xcassets in Resources */ = {isa = PBXBuildFile; fileRef = 8FD8CD5D209BEB3D00918C0C /* Assets.xcassets */; };
		8FD8CD61209BEB3D00918C0C /* LaunchScreen.storyboard in Resources */ = {isa = PBXBuildFile; fileRef = 8FD8CD5F209BEB3D00918C0C /* LaunchScreen.storyboard */; };
		8FD8CD64209BEB3D00918C0C /* main.m in Sources */ = {isa = PBXBuildFile; fileRef = 8FD8CD63209BEB3D00918C0C /* main.m */; };
		8FD8CD6E209BEB3D00918C0C /* GoldenFieldTests.m in Sources */ = {isa = PBXBuildFile; fileRef = 8FD8CD6D209BEB3D00918C0C /* GoldenFieldTests.m */; };
		8FD8CD79209BEB3D00918C0C /* GoldenFieldUITests.m in Sources */ = {isa = PBXBuildFile; fileRef = 8FD8CD78209BEB3D00918C0C /* GoldenFieldUITests.m */; };
		8FD8CD9C209BEF5700918C0C /* MainVC.m in Sources */ = {isa = PBXBuildFile; fileRef = 8FD8CD9B209BEF5700918C0C /* MainVC.m */; };
		8FD8CD9F209BF38500918C0C /* HomeVC.m in Sources */ = {isa = PBXBuildFile; fileRef = 8FD8CD9E209BF38500918C0C /* HomeVC.m */; };
		8FD8CDA2209BF39100918C0C /* ProductVC.m in Sources */ = {isa = PBXBuildFile; fileRef = 8FD8CDA1209BF39100918C0C /* ProductVC.m */; };
		8FD8CDA5209BF39B00918C0C /* DiscoveryVC.m in Sources */ = {isa = PBXBuildFile; fileRef = 8FD8CDA4209BF39B00918C0C /* DiscoveryVC.m */; };
		8FD8CDA8209BF3A300918C0C /* MineVC.m in Sources */ = {isa = PBXBuildFile; fileRef = 8FD8CDA7209BF3A300918C0C /* MineVC.m */; };
		8FEF0133209C283D00C2F301 /* GuideHelpView.m in Sources */ = {isa = PBXBuildFile; fileRef = 8FEF0132209C283D00C2F301 /* GuideHelpView.m */; };
		8FEF0137209C3EF500C2F301 /* BaseTableVC.m in Sources */ = {isa = PBXBuildFile; fileRef = 8FEF0136209C3EF500C2F301 /* BaseTableVC.m */; };
		8FEF013A209C41BA00C2F301 /* HttpClient.m in Sources */ = {isa = PBXBuildFile; fileRef = 8FEF0139209C41BA00C2F301 /* HttpClient.m */; };
		8FEF013D209C41C800C2F301 /* DataManager.m in Sources */ = {isa = PBXBuildFile; fileRef = 8FEF013C209C41C800C2F301 /* DataManager.m */; };
		8FEF0140209C438000C2F301 /* UserModel.m in Sources */ = {isa = PBXBuildFile; fileRef = 8FEF013F209C438000C2F301 /* UserModel.m */; };
		8FEF0143209C545800C2F301 /* UIView+Frame.m in Sources */ = {isa = PBXBuildFile; fileRef = 8FEF0141209C545700C2F301 /* UIView+Frame.m */; };
		8FEF0147209C551300C2F301 /* FreshFishCell.m in Sources */ = {isa = PBXBuildFile; fileRef = 8FEF0145209C551300C2F301 /* FreshFishCell.m */; };
		8FEF0148209C551300C2F301 /* FreshFishCell.xib in Resources */ = {isa = PBXBuildFile; fileRef = 8FEF0146209C551300C2F301 /* FreshFishCell.xib */; };
		8FEF014B209C595D00C2F301 /* UIResponder+CurrentResponder.m in Sources */ = {isa = PBXBuildFile; fileRef = 8FEF014A209C595C00C2F301 /* UIResponder+CurrentResponder.m */; };
		8FEF014E209C5B3B00C2F301 /* WebVC.m in Sources */ = {isa = PBXBuildFile; fileRef = 8FEF014D209C5B3B00C2F301 /* WebVC.m */; };
		8FEF0151209C5CC100C2F301 /* SuperNaviVC.m in Sources */ = {isa = PBXBuildFile; fileRef = 8FEF0150209C5CC100C2F301 /* SuperNaviVC.m */; };
		8FEF0158209C619300C2F301 /* LoginVC.m in Sources */ = {isa = PBXBuildFile; fileRef = 8FEF0157209C619300C2F301 /* LoginVC.m */; };
		F52D1D75763F017544231994 /* libPods-GoldenField.a in Frameworks */ = {isa = PBXBuildFile; fileRef = 5972014D5587CDDA6889AD76 /* libPods-GoldenField.a */; };
/* End PBXBuildFile section */

/* Begin PBXContainerItemProxy section */
		8FD8CD6A209BEB3D00918C0C /* PBXContainerItemProxy */ = {
			isa = PBXContainerItemProxy;
			containerPortal = 8FD8CD49209BEB3A00918C0C /* Project object */;
			proxyType = 1;
			remoteGlobalIDString = 8FD8CD50209BEB3B00918C0C;
			remoteInfo = GoldenField;
		};
		8FD8CD75209BEB3D00918C0C /* PBXContainerItemProxy */ = {
			isa = PBXContainerItemProxy;
			containerPortal = 8FD8CD49209BEB3A00918C0C /* Project object */;
			proxyType = 1;
			remoteGlobalIDString = 8FD8CD50209BEB3B00918C0C;
			remoteInfo = GoldenField;
		};
/* End PBXContainerItemProxy section */

/* Begin PBXFileReference section */
		3D4D14761B6F0283E6054ED9 /* Pods-GoldenField.release.xcconfig */ = {isa = PBXFileReference; includeInIndex = 1; lastKnownFileType = text.xcconfig; name = "Pods-GoldenField.release.xcconfig"; path = "Pods/Target Support Files/Pods-GoldenField/Pods-GoldenField.release.xcconfig"; sourceTree = "<group>"; };
		5972014D5587CDDA6889AD76 /* libPods-GoldenField.a */ = {isa = PBXFileReference; explicitFileType = archive.ar; includeInIndex = 0; path = "libPods-GoldenField.a"; sourceTree = BUILT_PRODUCTS_DIR; };
		8FC83F7E209FE7AD00F753D6 /* UIInitMethod.h */ = {isa = PBXFileReference; lastKnownFileType = sourcecode.c.h; path = UIInitMethod.h; sourceTree = "<group>"; };
		8FC83F7F209FE7AD00F753D6 /* UIInitMethod.m */ = {isa = PBXFileReference; lastKnownFileType = sourcecode.c.objc; path = UIInitMethod.m; sourceTree = "<group>"; };
		8FC83F81209FEF5500F753D6 /* BaseVC.h */ = {isa = PBXFileReference; lastKnownFileType = sourcecode.c.h; path = BaseVC.h; sourceTree = "<group>"; };
		8FC83F82209FEF5500F753D6 /* BaseVC.m */ = {isa = PBXFileReference; lastKnownFileType = sourcecode.c.objc; path = BaseVC.m; sourceTree = "<group>"; };
		8FD8CD51209BEB3B00918C0C /* GoldenField.app */ = {isa = PBXFileReference; explicitFileType = wrapper.application; includeInIndex = 0; path = GoldenField.app; sourceTree = BUILT_PRODUCTS_DIR; };
		8FD8CD54209BEB3B00918C0C /* AppDelegate.h */ = {isa = PBXFileReference; lastKnownFileType = sourcecode.c.h; path = AppDelegate.h; sourceTree = "<group>"; };
		8FD8CD55209BEB3B00918C0C /* AppDelegate.m */ = {isa = PBXFileReference; lastKnownFileType = sourcecode.c.objc; path = AppDelegate.m; sourceTree = "<group>"; };
		8FD8CD5B209BEB3B00918C0C /* Base */ = {isa = PBXFileReference; lastKnownFileType = file.storyboard; name = Base; path = Base.lproj/Main.storyboard; sourceTree = "<group>"; };
		8FD8CD5D209BEB3D00918C0C /* Assets.xcassets */ = {isa = PBXFileReference; lastKnownFileType = folder.assetcatalog; path = Assets.xcassets; sourceTree = "<group>"; };
		8FD8CD60209BEB3D00918C0C /* Base */ = {isa = PBXFileReference; lastKnownFileType = file.storyboard; name = Base; path = Base.lproj/LaunchScreen.storyboard; sourceTree = "<group>"; };
		8FD8CD62209BEB3D00918C0C /* Info.plist */ = {isa = PBXFileReference; lastKnownFileType = text.plist.xml; path = Info.plist; sourceTree = "<group>"; };
		8FD8CD63209BEB3D00918C0C /* main.m */ = {isa = PBXFileReference; lastKnownFileType = sourcecode.c.objc; path = main.m; sourceTree = "<group>"; };
		8FD8CD69209BEB3D00918C0C /* GoldenFieldTests.xctest */ = {isa = PBXFileReference; explicitFileType = wrapper.cfbundle; includeInIndex = 0; path = GoldenFieldTests.xctest; sourceTree = BUILT_PRODUCTS_DIR; };
		8FD8CD6D209BEB3D00918C0C /* GoldenFieldTests.m */ = {isa = PBXFileReference; lastKnownFileType = sourcecode.c.objc; path = GoldenFieldTests.m; sourceTree = "<group>"; };
		8FD8CD6F209BEB3D00918C0C /* Info.plist */ = {isa = PBXFileReference; lastKnownFileType = text.plist.xml; path = Info.plist; sourceTree = "<group>"; };
		8FD8CD74209BEB3D00918C0C /* GoldenFieldUITests.xctest */ = {isa = PBXFileReference; explicitFileType = wrapper.cfbundle; includeInIndex = 0; path = GoldenFieldUITests.xctest; sourceTree = BUILT_PRODUCTS_DIR; };
		8FD8CD78209BEB3D00918C0C /* GoldenFieldUITests.m */ = {isa = PBXFileReference; lastKnownFileType = sourcecode.c.objc; path = GoldenFieldUITests.m; sourceTree = "<group>"; };
		8FD8CD7A209BEB3D00918C0C /* Info.plist */ = {isa = PBXFileReference; lastKnownFileType = text.plist.xml; path = Info.plist; sourceTree = "<group>"; };
		8FD8CD9A209BEF5700918C0C /* MainVC.h */ = {isa = PBXFileReference; lastKnownFileType = sourcecode.c.h; path = MainVC.h; sourceTree = "<group>"; };
		8FD8CD9B209BEF5700918C0C /* MainVC.m */ = {isa = PBXFileReference; lastKnownFileType = sourcecode.c.objc; path = MainVC.m; sourceTree = "<group>"; };
		8FD8CD9D209BF38500918C0C /* HomeVC.h */ = {isa = PBXFileReference; lastKnownFileType = sourcecode.c.h; path = HomeVC.h; sourceTree = "<group>"; };
		8FD8CD9E209BF38500918C0C /* HomeVC.m */ = {isa = PBXFileReference; lastKnownFileType = sourcecode.c.objc; path = HomeVC.m; sourceTree = "<group>"; };
		8FD8CDA0209BF39100918C0C /* ProductVC.h */ = {isa = PBXFileReference; lastKnownFileType = sourcecode.c.h; path = ProductVC.h; sourceTree = "<group>"; };
		8FD8CDA1209BF39100918C0C /* ProductVC.m */ = {isa = PBXFileReference; lastKnownFileType = sourcecode.c.objc; path = ProductVC.m; sourceTree = "<group>"; };
		8FD8CDA3209BF39B00918C0C /* DiscoveryVC.h */ = {isa = PBXFileReference; lastKnownFileType = sourcecode.c.h; path = DiscoveryVC.h; sourceTree = "<group>"; };
		8FD8CDA4209BF39B00918C0C /* DiscoveryVC.m */ = {isa = PBXFileReference; lastKnownFileType = sourcecode.c.objc; path = DiscoveryVC.m; sourceTree = "<group>"; };
		8FD8CDA6209BF3A300918C0C /* MineVC.h */ = {isa = PBXFileReference; lastKnownFileType = sourcecode.c.h; path = MineVC.h; sourceTree = "<group>"; };
		8FD8CDA7209BF3A300918C0C /* MineVC.m */ = {isa = PBXFileReference; lastKnownFileType = sourcecode.c.objc; path = MineVC.m; sourceTree = "<group>"; };
		8FD8CDA9209BF3AF00918C0C /* PrefixHeader.pch */ = {isa = PBXFileReference; lastKnownFileType = sourcecode.c.h; path = PrefixHeader.pch; sourceTree = "<group>"; };
		8FEF0131209C283D00C2F301 /* GuideHelpView.h */ = {isa = PBXFileReference; lastKnownFileType = sourcecode.c.h; path = GuideHelpView.h; sourceTree = "<group>"; };
		8FEF0132209C283D00C2F301 /* GuideHelpView.m */ = {isa = PBXFileReference; lastKnownFileType = sourcecode.c.objc; path = GuideHelpView.m; sourceTree = "<group>"; };
		8FEF0135209C3EF500C2F301 /* BaseTableVC.h */ = {isa = PBXFileReference; lastKnownFileType = sourcecode.c.h; path = BaseTableVC.h; sourceTree = "<group>"; };
		8FEF0136209C3EF500C2F301 /* BaseTableVC.m */ = {isa = PBXFileReference; lastKnownFileType = sourcecode.c.objc; path = BaseTableVC.m; sourceTree = "<group>"; };
		8FEF0138209C41BA00C2F301 /* HttpClient.h */ = {isa = PBXFileReference; lastKnownFileType = sourcecode.c.h; path = HttpClient.h; sourceTree = "<group>"; };
		8FEF0139209C41BA00C2F301 /* HttpClient.m */ = {isa = PBXFileReference; lastKnownFileType = sourcecode.c.objc; path = HttpClient.m; sourceTree = "<group>"; };
		8FEF013B209C41C800C2F301 /* DataManager.h */ = {isa = PBXFileReference; lastKnownFileType = sourcecode.c.h; path = DataManager.h; sourceTree = "<group>"; };
		8FEF013C209C41C800C2F301 /* DataManager.m */ = {isa = PBXFileReference; lastKnownFileType = sourcecode.c.objc; path = DataManager.m; sourceTree = "<group>"; };
		8FEF013E209C438000C2F301 /* UserModel.h */ = {isa = PBXFileReference; lastKnownFileType = sourcecode.c.h; path = UserModel.h; sourceTree = "<group>"; };
		8FEF013F209C438000C2F301 /* UserModel.m */ = {isa = PBXFileReference; lastKnownFileType = sourcecode.c.objc; path = UserModel.m; sourceTree = "<group>"; };
		8FEF0141209C545700C2F301 /* UIView+Frame.m */ = {isa = PBXFileReference; fileEncoding = 4; lastKnownFileType = sourcecode.c.objc; path = "UIView+Frame.m"; sourceTree = "<group>"; };
		8FEF0142209C545700C2F301 /* UIView+Frame.h */ = {isa = PBXFileReference; fileEncoding = 4; lastKnownFileType = sourcecode.c.h; path = "UIView+Frame.h"; sourceTree = "<group>"; };
		8FEF0144209C551300C2F301 /* FreshFishCell.h */ = {isa = PBXFileReference; lastKnownFileType = sourcecode.c.h; path = FreshFishCell.h; sourceTree = "<group>"; };
		8FEF0145209C551300C2F301 /* FreshFishCell.m */ = {isa = PBXFileReference; lastKnownFileType = sourcecode.c.objc; path = FreshFishCell.m; sourceTree = "<group>"; };
		8FEF0146209C551300C2F301 /* FreshFishCell.xib */ = {isa = PBXFileReference; lastKnownFileType = file.xib; path = FreshFishCell.xib; sourceTree = "<group>"; };
		8FEF0149209C595C00C2F301 /* UIResponder+CurrentResponder.h */ = {isa = PBXFileReference; fileEncoding = 4; lastKnownFileType = sourcecode.c.h; path = "UIResponder+CurrentResponder.h"; sourceTree = "<group>"; };
		8FEF014A209C595C00C2F301 /* UIResponder+CurrentResponder.m */ = {isa = PBXFileReference; fileEncoding = 4; lastKnownFileType = sourcecode.c.objc; path = "UIResponder+CurrentResponder.m"; sourceTree = "<group>"; };
		8FEF014C209C5B3B00C2F301 /* WebVC.h */ = {isa = PBXFileReference; lastKnownFileType = sourcecode.c.h; path = WebVC.h; sourceTree = "<group>"; };
		8FEF014D209C5B3B00C2F301 /* WebVC.m */ = {isa = PBXFileReference; lastKnownFileType = sourcecode.c.objc; path = WebVC.m; sourceTree = "<group>"; };
		8FEF014F209C5CC100C2F301 /* SuperNaviVC.h */ = {isa = PBXFileReference; lastKnownFileType = sourcecode.c.h; path = SuperNaviVC.h; sourceTree = "<group>"; };
		8FEF0150209C5CC100C2F301 /* SuperNaviVC.m */ = {isa = PBXFileReference; lastKnownFileType = sourcecode.c.objc; path = SuperNaviVC.m; sourceTree = "<group>"; };
		8FEF0156209C619300C2F301 /* LoginVC.h */ = {isa = PBXFileReference; lastKnownFileType = sourcecode.c.h; path = LoginVC.h; sourceTree = "<group>"; };
		8FEF0157209C619300C2F301 /* LoginVC.m */ = {isa = PBXFileReference; lastKnownFileType = sourcecode.c.objc; path = LoginVC.m; sourceTree = "<group>"; };
		AEEA02365E0B3A840EB5EA63 /* Pods-GoldenField.debug.xcconfig */ = {isa = PBXFileReference; includeInIndex = 1; lastKnownFileType = text.xcconfig; name = "Pods-GoldenField.debug.xcconfig"; path = "Pods/Target Support Files/Pods-GoldenField/Pods-GoldenField.debug.xcconfig"; sourceTree = "<group>"; };
/* End PBXFileReference section */

/* Begin PBXFrameworksBuildPhase section */
		8FD8CD4E209BEB3B00918C0C /* Frameworks */ = {
			isa = PBXFrameworksBuildPhase;
			buildActionMask = 2147483647;
			files = (
				F52D1D75763F017544231994 /* libPods-GoldenField.a in Frameworks */,
			);
			runOnlyForDeploymentPostprocessing = 0;
		};
		8FD8CD66209BEB3D00918C0C /* Frameworks */ = {
			isa = PBXFrameworksBuildPhase;
			buildActionMask = 2147483647;
			files = (
			);
			runOnlyForDeploymentPostprocessing = 0;
		};
		8FD8CD71209BEB3D00918C0C /* Frameworks */ = {
			isa = PBXFrameworksBuildPhase;
			buildActionMask = 2147483647;
			files = (
			);
			runOnlyForDeploymentPostprocessing = 0;
		};
/* End PBXFrameworksBuildPhase section */

/* Begin PBXGroup section */
		70E6976CF8E61933B2F04B2C /* Frameworks */ = {
			isa = PBXGroup;
			children = (
				5972014D5587CDDA6889AD76 /* libPods-GoldenField.a */,
			);
			name = Frameworks;
			sourceTree = "<group>";
		};
		8FD8CD48209BEB3A00918C0C = {
			isa = PBXGroup;
			children = (
				8FD8CD53209BEB3B00918C0C /* GoldenField */,
				8FD8CD6C209BEB3D00918C0C /* GoldenFieldTests */,
				8FD8CD77209BEB3D00918C0C /* GoldenFieldUITests */,
				8FD8CD52209BEB3B00918C0C /* Products */,
				DD7611E6137260C7DA7E6F29 /* Pods */,
				70E6976CF8E61933B2F04B2C /* Frameworks */,
			);
			sourceTree = "<group>";
		};
		8FD8CD52209BEB3B00918C0C /* Products */ = {
			isa = PBXGroup;
			children = (
				8FD8CD51209BEB3B00918C0C /* GoldenField.app */,
				8FD8CD69209BEB3D00918C0C /* GoldenFieldTests.xctest */,
				8FD8CD74209BEB3D00918C0C /* GoldenFieldUITests.xctest */,
			);
			name = Products;
			sourceTree = "<group>";
		};
		8FD8CD53209BEB3B00918C0C /* GoldenField */ = {
			isa = PBXGroup;
			children = (
				8FD8CDA9209BF3AF00918C0C /* PrefixHeader.pch */,
				8FD8CD54209BEB3B00918C0C /* AppDelegate.h */,
				8FD8CD55209BEB3B00918C0C /* AppDelegate.m */,
				8FD8CD9A209BEF5700918C0C /* MainVC.h */,
				8FD8CD9B209BEF5700918C0C /* MainVC.m */,
				8FEF0152209C616500C2F301 /* Login */,
				8FEF0134209C317F00C2F301 /* Utils */,
				8FEF012D209C280A00C2F301 /* BaseMVC */,
				8FD8CD86209BEB7D00918C0C /* templates */,
				8FD8CD5A209BEB3B00918C0C /* Main.storyboard */,
				8FD8CD5D209BEB3D00918C0C /* Assets.xcassets */,
				8FD8CD5F209BEB3D00918C0C /* LaunchScreen.storyboard */,
				8FD8CD62209BEB3D00918C0C /* Info.plist */,
				8FD8CD63209BEB3D00918C0C /* main.m */,
			);
			path = GoldenField;
			sourceTree = "<group>";
		};
		8FD8CD6C209BEB3D00918C0C /* GoldenFieldTests */ = {
			isa = PBXGroup;
			children = (
				8FD8CD6D209BEB3D00918C0C /* GoldenFieldTests.m */,
				8FD8CD6F209BEB3D00918C0C /* Info.plist */,
			);
			path = GoldenFieldTests;
			sourceTree = "<group>";
		};
		8FD8CD77209BEB3D00918C0C /* GoldenFieldUITests */ = {
			isa = PBXGroup;
			children = (
				8FD8CD78209BEB3D00918C0C /* GoldenFieldUITests.m */,
				8FD8CD7A209BEB3D00918C0C /* Info.plist */,
			);
			path = GoldenFieldUITests;
			sourceTree = "<group>";
		};
		8FD8CD86209BEB7D00918C0C /* templates */ = {
			isa = PBXGroup;
			children = (
				8FD8CD8A209BEBA300918C0C /* Mine */,
				8FD8CD89209BEB9B00918C0C /* Discovery */,
				8FD8CD88209BEB9000918C0C /* Products */,
				8FD8CD87209BEB8900918C0C /* Home */,
			);
			path = templates;
			sourceTree = "<group>";
		};
		8FD8CD87209BEB8900918C0C /* Home */ = {
			isa = PBXGroup;
			children = (
				8FD8CD8D209BEBB700918C0C /* Models */,
				8FD8CD8C209BEBB300918C0C /* Views */,
				8FD8CD8B209BEBAE00918C0C /* Controllers */,
			);
			path = Home;
			sourceTree = "<group>";
		};
		8FD8CD88209BEB9000918C0C /* Products */ = {
			isa = PBXGroup;
			children = (
				8FD8CD90209BEBC800918C0C /* Models */,
				8FD8CD8F209BEBC400918C0C /* Views */,
				8FD8CD8E209BEBC000918C0C /* Controllers */,
			);
			path = Products;
			sourceTree = "<group>";
		};
		8FD8CD89209BEB9B00918C0C /* Discovery */ = {
			isa = PBXGroup;
			children = (
				8FD8CD94209BEEE500918C0C /* Models */,
				8FD8CD92209BEC1D00918C0C /* Views */,
				8FD8CD91209BEBCF00918C0C /* Controllers */,
			);
			path = Discovery;
			sourceTree = "<group>";
		};
		8FD8CD8A209BEBA300918C0C /* Mine */ = {
			isa = PBXGroup;
			children = (
				8FD8CD98209BEF1E00918C0C /* Models */,
				8FD8CD97209BEF0E00918C0C /* Views */,
				8FD8CD96209BEF0500918C0C /* Controllers */,
			);
			path = Mine;
			sourceTree = "<group>";
		};
		8FD8CD8B209BEBAE00918C0C /* Controllers */ = {
			isa = PBXGroup;
			children = (
				8FD8CD9D209BF38500918C0C /* HomeVC.h */,
				8FD8CD9E209BF38500918C0C /* HomeVC.m */,
			);
			path = Controllers;
			sourceTree = "<group>";
		};
		8FD8CD8C209BEBB300918C0C /* Views */ = {
			isa = PBXGroup;
			children = (
				8FEF0144209C551300C2F301 /* FreshFishCell.h */,
				8FEF0145209C551300C2F301 /* FreshFishCell.m */,
				8FEF0146209C551300C2F301 /* FreshFishCell.xib */,
			);
			path = Views;
			sourceTree = "<group>";
		};
		8FD8CD8D209BEBB700918C0C /* Models */ = {
			isa = PBXGroup;
			children = (
			);
			path = Models;
			sourceTree = "<group>";
		};
		8FD8CD8E209BEBC000918C0C /* Controllers */ = {
			isa = PBXGroup;
			children = (
				8FD8CDA0209BF39100918C0C /* ProductVC.h */,
				8FD8CDA1209BF39100918C0C /* ProductVC.m */,
			);
			path = Controllers;
			sourceTree = "<group>";
		};
		8FD8CD8F209BEBC400918C0C /* Views */ = {
			isa = PBXGroup;
			children = (
			);
			path = Views;
			sourceTree = "<group>";
		};
		8FD8CD90209BEBC800918C0C /* Models */ = {
			isa = PBXGroup;
			children = (
			);
			path = Models;
			sourceTree = "<group>";
		};
		8FD8CD91209BEBCF00918C0C /* Controllers */ = {
			isa = PBXGroup;
			children = (
				8FD8CDA3209BF39B00918C0C /* DiscoveryVC.h */,
				8FD8CDA4209BF39B00918C0C /* DiscoveryVC.m */,
			);
			path = Controllers;
			sourceTree = "<group>";
		};
		8FD8CD92209BEC1D00918C0C /* Views */ = {
			isa = PBXGroup;
			children = (
			);
			path = Views;
			sourceTree = "<group>";
		};
		8FD8CD94209BEEE500918C0C /* Models */ = {
			isa = PBXGroup;
			children = (
			);
			path = Models;
			sourceTree = "<group>";
		};
		8FD8CD96209BEF0500918C0C /* Controllers */ = {
			isa = PBXGroup;
			children = (
				8FD8CDA6209BF3A300918C0C /* MineVC.h */,
				8FD8CDA7209BF3A300918C0C /* MineVC.m */,
			);
			path = Controllers;
			sourceTree = "<group>";
		};
		8FD8CD97209BEF0E00918C0C /* Views */ = {
			isa = PBXGroup;
			children = (
			);
			path = Views;
			sourceTree = "<group>";
		};
		8FD8CD98209BEF1E00918C0C /* Models */ = {
			isa = PBXGroup;
			children = (
			);
			path = Models;
			sourceTree = "<group>";
		};
		8FEF012D209C280A00C2F301 /* BaseMVC */ = {
			isa = PBXGroup;
			children = (
				8FEF0130209C281D00C2F301 /* Models */,
				8FEF012F209C281900C2F301 /* Views */,
				8FEF012E209C281200C2F301 /* Controllers */,
			);
			path = BaseMVC;
			sourceTree = "<group>";
		};
		8FEF012E209C281200C2F301 /* Controllers */ = {
			isa = PBXGroup;
			children = (
				8FEF0135209C3EF500C2F301 /* BaseTableVC.h */,
				8FEF0136209C3EF500C2F301 /* BaseTableVC.m */,
				8FC83F81209FEF5500F753D6 /* BaseVC.h */,
				8FC83F82209FEF5500F753D6 /* BaseVC.m */,
				8FEF014C209C5B3B00C2F301 /* WebVC.h */,
				8FEF014D209C5B3B00C2F301 /* WebVC.m */,
				8FEF014F209C5CC100C2F301 /* SuperNaviVC.h */,
				8FEF0150209C5CC100C2F301 /* SuperNaviVC.m */,
			);
			path = Controllers;
			sourceTree = "<group>";
		};
		8FEF012F209C281900C2F301 /* Views */ = {
			isa = PBXGroup;
			children = (
			);
			path = Views;
			sourceTree = "<group>";
		};
		8FEF0130209C281D00C2F301 /* Models */ = {
			isa = PBXGroup;
			children = (
				8FEF0138209C41BA00C2F301 /* HttpClient.h */,
				8FEF0139209C41BA00C2F301 /* HttpClient.m */,
				8FEF013E209C438000C2F301 /* UserModel.h */,
				8FEF013F209C438000C2F301 /* UserModel.m */,
				8FEF013B209C41C800C2F301 /* DataManager.h */,
				8FEF013C209C41C800C2F301 /* DataManager.m */,
			);
			path = Models;
			sourceTree = "<group>";
		};
		8FEF0134209C317F00C2F301 /* Utils */ = {
			isa = PBXGroup;
			children = (
				8FEF0149209C595C00C2F301 /* UIResponder+CurrentResponder.h */,
				8FEF014A209C595C00C2F301 /* UIResponder+CurrentResponder.m */,
				8FEF0142209C545700C2F301 /* UIView+Frame.h */,
				8FEF0141209C545700C2F301 /* UIView+Frame.m */,
				8FEF0131209C283D00C2F301 /* GuideHelpView.h */,
				8FEF0132209C283D00C2F301 /* GuideHelpView.m */,
				8FC83F7E209FE7AD00F753D6 /* UIInitMethod.h */,
				8FC83F7F209FE7AD00F753D6 /* UIInitMethod.m */,
			);
			path = Utils;
			sourceTree = "<group>";
		};
		8FEF0152209C616500C2F301 /* Login */ = {
			isa = PBXGroup;
			children = (
				8FEF0155209C618200C2F301 /* Models */,
				8FEF0154209C617A00C2F301 /* Views */,
				8FEF0153209C616D00C2F301 /* Controllers */,
			);
			path = Login;
			sourceTree = "<group>";
		};
		8FEF0153209C616D00C2F301 /* Controllers */ = {
			isa = PBXGroup;
			children = (
				8FEF0156209C619300C2F301 /* LoginVC.h */,
				8FEF0157209C619300C2F301 /* LoginVC.m */,
			);
			path = Controllers;
			sourceTree = "<group>";
		};
		8FEF0154209C617A00C2F301 /* Views */ = {
			isa = PBXGroup;
			children = (
			);
			path = Views;
			sourceTree = "<group>";
		};
		8FEF0155209C618200C2F301 /* Models */ = {
			isa = PBXGroup;
			children = (
			);
			path = Models;
			sourceTree = "<group>";
		};
		DD7611E6137260C7DA7E6F29 /* Pods */ = {
			isa = PBXGroup;
			children = (
				AEEA02365E0B3A840EB5EA63 /* Pods-GoldenField.debug.xcconfig */,
				3D4D14761B6F0283E6054ED9 /* Pods-GoldenField.release.xcconfig */,
			);
			name = Pods;
			sourceTree = "<group>";
		};
/* End PBXGroup section */

/* Begin PBXNativeTarget section */
		8FD8CD50209BEB3B00918C0C /* GoldenField */ = {
			isa = PBXNativeTarget;
			buildConfigurationList = 8FD8CD7D209BEB3D00918C0C /* Build configuration list for PBXNativeTarget "GoldenField" */;
			buildPhases = (
				26536E4A05399402BC3446D2 /* [CP] Check Pods Manifest.lock */,
				8FD8CD4D209BEB3B00918C0C /* Sources */,
				8FD8CD4E209BEB3B00918C0C /* Frameworks */,
				8FD8CD4F209BEB3B00918C0C /* Resources */,
				D5CDCC41315A563EC50BE36E /* [CP] Copy Pods Resources */,
			);
			buildRules = (
			);
			dependencies = (
			);
			name = GoldenField;
			productName = GoldenField;
			productReference = 8FD8CD51209BEB3B00918C0C /* GoldenField.app */;
			productType = "com.apple.product-type.application";
		};
		8FD8CD68209BEB3D00918C0C /* GoldenFieldTests */ = {
			isa = PBXNativeTarget;
			buildConfigurationList = 8FD8CD80209BEB3D00918C0C /* Build configuration list for PBXNativeTarget "GoldenFieldTests" */;
			buildPhases = (
				8FD8CD65209BEB3D00918C0C /* Sources */,
				8FD8CD66209BEB3D00918C0C /* Frameworks */,
				8FD8CD67209BEB3D00918C0C /* Resources */,
			);
			buildRules = (
			);
			dependencies = (
				8FD8CD6B209BEB3D00918C0C /* PBXTargetDependency */,
			);
			name = GoldenFieldTests;
			productName = GoldenFieldTests;
			productReference = 8FD8CD69209BEB3D00918C0C /* GoldenFieldTests.xctest */;
			productType = "com.apple.product-type.bundle.unit-test";
		};
		8FD8CD73209BEB3D00918C0C /* GoldenFieldUITests */ = {
			isa = PBXNativeTarget;
			buildConfigurationList = 8FD8CD83209BEB3D00918C0C /* Build configuration list for PBXNativeTarget "GoldenFieldUITests" */;
			buildPhases = (
				8FD8CD70209BEB3D00918C0C /* Sources */,
				8FD8CD71209BEB3D00918C0C /* Frameworks */,
				8FD8CD72209BEB3D00918C0C /* Resources */,
			);
			buildRules = (
			);
			dependencies = (
				8FD8CD76209BEB3D00918C0C /* PBXTargetDependency */,
			);
			name = GoldenFieldUITests;
			productName = GoldenFieldUITests;
			productReference = 8FD8CD74209BEB3D00918C0C /* GoldenFieldUITests.xctest */;
			productType = "com.apple.product-type.bundle.ui-testing";
		};
/* End PBXNativeTarget section */

/* Begin PBXProject section */
		8FD8CD49209BEB3A00918C0C /* Project object */ = {
			isa = PBXProject;
			attributes = {
				LastUpgradeCheck = 0930;
				ORGANIZATIONNAME = Chan;
				TargetAttributes = {
					8FD8CD50209BEB3B00918C0C = {
						CreatedOnToolsVersion = 9.3;
					};
					8FD8CD68209BEB3D00918C0C = {
						CreatedOnToolsVersion = 9.3;
						TestTargetID = 8FD8CD50209BEB3B00918C0C;
					};
					8FD8CD73209BEB3D00918C0C = {
						CreatedOnToolsVersion = 9.3;
						TestTargetID = 8FD8CD50209BEB3B00918C0C;
					};
				};
			};
			buildConfigurationList = 8FD8CD4C209BEB3A00918C0C /* Build configuration list for PBXProject "GoldenField" */;
			compatibilityVersion = "Xcode 9.3";
			developmentRegion = en;
			hasScannedForEncodings = 0;
			knownRegions = (
				en,
				Base,
			);
			mainGroup = 8FD8CD48209BEB3A00918C0C;
			productRefGroup = 8FD8CD52209BEB3B00918C0C /* Products */;
			projectDirPath = "";
			projectRoot = "";
			targets = (
				8FD8CD50209BEB3B00918C0C /* GoldenField */,
				8FD8CD68209BEB3D00918C0C /* GoldenFieldTests */,
				8FD8CD73209BEB3D00918C0C /* GoldenFieldUITests */,
			);
		};
/* End PBXProject section */

/* Begin PBXResourcesBuildPhase section */
		8FD8CD4F209BEB3B00918C0C /* Resources */ = {
			isa = PBXResourcesBuildPhase;
			buildActionMask = 2147483647;
			files = (
				8FEF0148209C551300C2F301 /* FreshFishCell.xib in Resources */,
				8FD8CD61209BEB3D00918C0C /* LaunchScreen.storyboard in Resources */,
				8FD8CD5E209BEB3D00918C0C /* Assets.xcassets in Resources */,
				8FD8CD5C209BEB3B00918C0C /* Main.storyboard in Resources */,
			);
			runOnlyForDeploymentPostprocessing = 0;
		};
		8FD8CD67209BEB3D00918C0C /* Resources */ = {
			isa = PBXResourcesBuildPhase;
			buildActionMask = 2147483647;
			files = (
			);
			runOnlyForDeploymentPostprocessing = 0;
		};
		8FD8CD72209BEB3D00918C0C /* Resources */ = {
			isa = PBXResourcesBuildPhase;
			buildActionMask = 2147483647;
			files = (
			);
			runOnlyForDeploymentPostprocessing = 0;
		};
/* End PBXResourcesBuildPhase section */

/* Begin PBXShellScriptBuildPhase section */
		26536E4A05399402BC3446D2 /* [CP] Check Pods Manifest.lock */ = {
			isa = PBXShellScriptBuildPhase;
			buildActionMask = 2147483647;
			files = (
			);
			inputPaths = (
				"${PODS_PODFILE_DIR_PATH}/Podfile.lock",
				"${PODS_ROOT}/Manifest.lock",
			);
			name = "[CP] Check Pods Manifest.lock";
			outputPaths = (
				"$(DERIVED_FILE_DIR)/Pods-GoldenField-checkManifestLockResult.txt",
			);
			runOnlyForDeploymentPostprocessing = 0;
			shellPath = /bin/sh;
			shellScript = "diff \"${PODS_PODFILE_DIR_PATH}/Podfile.lock\" \"${PODS_ROOT}/Manifest.lock\" > /dev/null\nif [ $? != 0 ] ; then\n    # print error to STDERR\n    echo \"error: The sandbox is not in sync with the Podfile.lock. Run 'pod install' or update your CocoaPods installation.\" >&2\n    exit 1\nfi\n# This output is used by Xcode 'outputs' to avoid re-running this script phase.\necho \"SUCCESS\" > \"${SCRIPT_OUTPUT_FILE_0}\"\n";
			showEnvVarsInLog = 0;
		};
		D5CDCC41315A563EC50BE36E /* [CP] Copy Pods Resources */ = {
			isa = PBXShellScriptBuildPhase;
			buildActionMask = 2147483647;
			files = (
			);
			inputPaths = (
				"${SRCROOT}/Pods/Target Support Files/Pods-GoldenField/Pods-GoldenField-resources.sh",
				"${PODS_ROOT}/MJRefresh/MJRefreshExample/MJRefreshExample/MJRefresh/MJRefresh.bundle",
			);
			name = "[CP] Copy Pods Resources";
			outputPaths = (
				"${TARGET_BUILD_DIR}/${UNLOCALIZED_RESOURCES_FOLDER_PATH}/MJRefresh.bundle",
			);
			runOnlyForDeploymentPostprocessing = 0;
			shellPath = /bin/sh;
			shellScript = "\"${SRCROOT}/Pods/Target Support Files/Pods-GoldenField/Pods-GoldenField-resources.sh\"\n";
			showEnvVarsInLog = 0;
		};
/* End PBXShellScriptBuildPhase section */

/* Begin PBXSourcesBuildPhase section */
		8FD8CD4D209BEB3B00918C0C /* Sources */ = {
			isa = PBXSourcesBuildPhase;
			buildActionMask = 2147483647;
			files = (
				8FD8CD9C209BEF5700918C0C /* MainVC.m in Sources */,
				8FD8CDA2209BF39100918C0C /* ProductVC.m in Sources */,
				8FC83F80209FE7AD00F753D6 /* UIInitMethod.m in Sources */,
				8FC83F83209FEF5500F753D6 /* BaseVC.m in Sources */,
				8FEF0158209C619300C2F301 /* LoginVC.m in Sources */,
				8FEF0140209C438000C2F301 /* UserModel.m in Sources */,
				8FEF013A209C41BA00C2F301 /* HttpClient.m in Sources */,
				8FD8CD9F209BF38500918C0C /* HomeVC.m in Sources */,
				8FEF0151209C5CC100C2F301 /* SuperNaviVC.m in Sources */,
				8FEF0143209C545800C2F301 /* UIView+Frame.m in Sources */,
				8FEF0137209C3EF500C2F301 /* BaseTableVC.m in Sources */,
				8FD8CD64209BEB3D00918C0C /* main.m in Sources */,
				8FEF0147209C551300C2F301 /* FreshFishCell.m in Sources */,
				8FEF014E209C5B3B00C2F301 /* WebVC.m in Sources */,
				8FEF0133209C283D00C2F301 /* GuideHelpView.m in Sources */,
				8FEF014B209C595D00C2F301 /* UIResponder+CurrentResponder.m in Sources */,
				8FD8CD56209BEB3B00918C0C /* AppDelegate.m in Sources */,
				8FD8CDA8209BF3A300918C0C /* MineVC.m in Sources */,
				8FEF013D209C41C800C2F301 /* DataManager.m in Sources */,
				8FD8CDA5209BF39B00918C0C /* DiscoveryVC.m in Sources */,
			);
			runOnlyForDeploymentPostprocessing = 0;
		};
		8FD8CD65209BEB3D00918C0C /* Sources */ = {
			isa = PBXSourcesBuildPhase;
			buildActionMask = 2147483647;
			files = (
				8FD8CD6E209BEB3D00918C0C /* GoldenFieldTests.m in Sources */,
			);
			runOnlyForDeploymentPostprocessing = 0;
		};
		8FD8CD70209BEB3D00918C0C /* Sources */ = {
			isa = PBXSourcesBuildPhase;
			buildActionMask = 2147483647;
			files = (
				8FD8CD79209BEB3D00918C0C /* GoldenFieldUITests.m in Sources */,
			);
			runOnlyForDeploymentPostprocessing = 0;
		};
/* End PBXSourcesBuildPhase section */

/* Begin PBXTargetDependency section */
		8FD8CD6B209BEB3D00918C0C /* PBXTargetDependency */ = {
			isa = PBXTargetDependency;
			target = 8FD8CD50209BEB3B00918C0C /* GoldenField */;
			targetProxy = 8FD8CD6A209BEB3D00918C0C /* PBXContainerItemProxy */;
		};
		8FD8CD76209BEB3D00918C0C /* PBXTargetDependency */ = {
			isa = PBXTargetDependency;
			target = 8FD8CD50209BEB3B00918C0C /* GoldenField */;
			targetProxy = 8FD8CD75209BEB3D00918C0C /* PBXContainerItemProxy */;
		};
/* End PBXTargetDependency section */

/* Begin PBXVariantGroup section */
		8FD8CD5A209BEB3B00918C0C /* Main.storyboard */ = {
			isa = PBXVariantGroup;
			children = (
				8FD8CD5B209BEB3B00918C0C /* Base */,
			);
			name = Main.storyboard;
			sourceTree = "<group>";
		};
		8FD8CD5F209BEB3D00918C0C /* LaunchScreen.storyboard */ = {
			isa = PBXVariantGroup;
			children = (
				8FD8CD60209BEB3D00918C0C /* Base */,
			);
			name = LaunchScreen.storyboard;
			sourceTree = "<group>";
		};
/* End PBXVariantGroup section */

/* Begin XCBuildConfiguration section */
		8FD8CD7B209BEB3D00918C0C /* Debug */ = {
			isa = XCBuildConfiguration;
			buildSettings = {
				ALWAYS_SEARCH_USER_PATHS = NO;
				CLANG_ANALYZER_NONNULL = YES;
				CLANG_ANALYZER_NUMBER_OBJECT_CONVERSION = YES_AGGRESSIVE;
				CLANG_CXX_LANGUAGE_STANDARD = "gnu++14";
				CLANG_CXX_LIBRARY = "libc++";
				CLANG_ENABLE_MODULES = YES;
				CLANG_ENABLE_OBJC_ARC = YES;
				CLANG_ENABLE_OBJC_WEAK = YES;
				CLANG_WARN_BLOCK_CAPTURE_AUTORELEASING = YES;
				CLANG_WARN_BOOL_CONVERSION = YES;
				CLANG_WARN_COMMA = YES;
				CLANG_WARN_CONSTANT_CONVERSION = YES;
				CLANG_WARN_DEPRECATED_OBJC_IMPLEMENTATIONS = YES;
				CLANG_WARN_DIRECT_OBJC_ISA_USAGE = YES_ERROR;
				CLANG_WARN_DOCUMENTATION_COMMENTS = YES;
				CLANG_WARN_EMPTY_BODY = YES;
				CLANG_WARN_ENUM_CONVERSION = YES;
				CLANG_WARN_INFINITE_RECURSION = YES;
				CLANG_WARN_INT_CONVERSION = YES;
				CLANG_WARN_NON_LITERAL_NULL_CONVERSION = YES;
				CLANG_WARN_OBJC_IMPLICIT_RETAIN_SELF = YES;
				CLANG_WARN_OBJC_LITERAL_CONVERSION = YES;
				CLANG_WARN_OBJC_ROOT_CLASS = YES_ERROR;
				CLANG_WARN_RANGE_LOOP_ANALYSIS = YES;
				CLANG_WARN_STRICT_PROTOTYPES = YES;
				CLANG_WARN_SUSPICIOUS_MOVE = YES;
				CLANG_WARN_UNGUARDED_AVAILABILITY = YES_AGGRESSIVE;
				CLANG_WARN_UNREACHABLE_CODE = YES;
				CLANG_WARN__DUPLICATE_METHOD_MATCH = YES;
				CODE_SIGN_IDENTITY = "iPhone Developer";
				COPY_PHASE_STRIP = NO;
				DEBUG_INFORMATION_FORMAT = dwarf;
				ENABLE_STRICT_OBJC_MSGSEND = YES;
				ENABLE_TESTABILITY = YES;
				GCC_C_LANGUAGE_STANDARD = gnu11;
				GCC_DYNAMIC_NO_PIC = NO;
				GCC_NO_COMMON_BLOCKS = YES;
				GCC_OPTIMIZATION_LEVEL = 0;
				GCC_PREPROCESSOR_DEFINITIONS = (
					"DEBUG=1",
					"$(inherited)",
				);
				GCC_WARN_64_TO_32_BIT_CONVERSION = YES;
				GCC_WARN_ABOUT_RETURN_TYPE = YES_ERROR;
				GCC_WARN_UNDECLARED_SELECTOR = YES;
				GCC_WARN_UNINITIALIZED_AUTOS = YES_AGGRESSIVE;
				GCC_WARN_UNUSED_FUNCTION = YES;
				GCC_WARN_UNUSED_VARIABLE = YES;
				IPHONEOS_DEPLOYMENT_TARGET = 11.3;
				MTL_ENABLE_DEBUG_INFO = YES;
				ONLY_ACTIVE_ARCH = YES;
				SDKROOT = iphoneos;
			};
			name = Debug;
		};
		8FD8CD7C209BEB3D00918C0C /* Release */ = {
			isa = XCBuildConfiguration;
			buildSettings = {
				ALWAYS_SEARCH_USER_PATHS = NO;
				CLANG_ANALYZER_NONNULL = YES;
				CLANG_ANALYZER_NUMBER_OBJECT_CONVERSION = YES_AGGRESSIVE;
				CLANG_CXX_LANGUAGE_STANDARD = "gnu++14";
				CLANG_CXX_LIBRARY = "libc++";
				CLANG_ENABLE_MODULES = YES;
				CLANG_ENABLE_OBJC_ARC = YES;
				CLANG_ENABLE_OBJC_WEAK = YES;
				CLANG_WARN_BLOCK_CAPTURE_AUTORELEASING = YES;
				CLANG_WARN_BOOL_CONVERSION = YES;
				CLANG_WARN_COMMA = YES;
				CLANG_WARN_CONSTANT_CONVERSION = YES;
				CLANG_WARN_DEPRECATED_OBJC_IMPLEMENTATIONS = YES;
				CLANG_WARN_DIRECT_OBJC_ISA_USAGE = YES_ERROR;
				CLANG_WARN_DOCUMENTATION_COMMENTS = YES;
				CLANG_WARN_EMPTY_BODY = YES;
				CLANG_WARN_ENUM_CONVERSION = YES;
				CLANG_WARN_INFINITE_RECURSION = YES;
				CLANG_WARN_INT_CONVERSION = YES;
				CLANG_WARN_NON_LITERAL_NULL_CONVERSION = YES;
				CLANG_WARN_OBJC_IMPLICIT_RETAIN_SELF = YES;
				CLANG_WARN_OBJC_LITERAL_CONVERSION = YES;
				CLANG_WARN_OBJC_ROOT_CLASS = YES_ERROR;
				CLANG_WARN_RANGE_LOOP_ANALYSIS = YES;
				CLANG_WARN_STRICT_PROTOTYPES = YES;
				CLANG_WARN_SUSPICIOUS_MOVE = YES;
				CLANG_WARN_UNGUARDED_AVAILABILITY = YES_AGGRESSIVE;
				CLANG_WARN_UNREACHABLE_CODE = YES;
				CLANG_WARN__DUPLICATE_METHOD_MATCH = YES;
				CODE_SIGN_IDENTITY = "iPhone Developer";
				COPY_PHASE_STRIP = NO;
				DEBUG_INFORMATION_FORMAT = "dwarf-with-dsym";
				ENABLE_NS_ASSERTIONS = NO;
				ENABLE_STRICT_OBJC_MSGSEND = YES;
				GCC_C_LANGUAGE_STANDARD = gnu11;
				GCC_NO_COMMON_BLOCKS = YES;
				GCC_WARN_64_TO_32_BIT_CONVERSION = YES;
				GCC_WARN_ABOUT_RETURN_TYPE = YES_ERROR;
				GCC_WARN_UNDECLARED_SELECTOR = YES;
				GCC_WARN_UNINITIALIZED_AUTOS = YES_AGGRESSIVE;
				GCC_WARN_UNUSED_FUNCTION = YES;
				GCC_WARN_UNUSED_VARIABLE = YES;
				IPHONEOS_DEPLOYMENT_TARGET = 11.3;
				MTL_ENABLE_DEBUG_INFO = NO;
				SDKROOT = iphoneos;
				VALIDATE_PRODUCT = YES;
			};
			name = Release;
		};
		8FD8CD7E209BEB3D00918C0C /* Debug */ = {
			isa = XCBuildConfiguration;
			baseConfigurationReference = AEEA02365E0B3A840EB5EA63 /* Pods-GoldenField.debug.xcconfig */;
			buildSettings = {
				ASSETCATALOG_COMPILER_APPICON_NAME = AppIcon;
				ASSETCATALOG_COMPILER_LAUNCHIMAGE_NAME = LaunchImage;
				CODE_SIGN_STYLE = Automatic;
				DEVELOPMENT_TEAM = V3WGXX8M8S;
				GCC_PRECOMPILE_PREFIX_HEADER = YES;
				GCC_PREFIX_HEADER = "$(SRCROOT)/GoldenField/PrefixHeader.pch";
				INFOPLIST_FILE = GoldenField/Info.plist;
				IPHONEOS_DEPLOYMENT_TARGET = 9.0;
				LD_RUNPATH_SEARCH_PATHS = (
					"$(inherited)",
					"@executable_path/Frameworks",
				);
				PRODUCT_BUNDLE_IDENTIFIER = com.qianft.GoldenField;
				PRODUCT_NAME = "$(TARGET_NAME)";
				TARGETED_DEVICE_FAMILY = "1,2";
			};
			name = Debug;
		};
		8FD8CD7F209BEB3D00918C0C /* Release */ = {
			isa = XCBuildConfiguration;
			baseConfigurationReference = 3D4D14761B6F0283E6054ED9 /* Pods-GoldenField.release.xcconfig */;
			buildSettings = {
				ASSETCATALOG_COMPILER_APPICON_NAME = AppIcon;
				ASSETCATALOG_COMPILER_LAUNCHIMAGE_NAME = LaunchImage;
				CODE_SIGN_STYLE = Automatic;
				DEVELOPMENT_TEAM = V3WGXX8M8S;
				GCC_PRECOMPILE_PREFIX_HEADER = YES;
				GCC_PREFIX_HEADER = "$(SRCROOT)/GoldenField/PrefixHeader.pch";
				INFOPLIST_FILE = GoldenField/Info.plist;
				IPHONEOS_DEPLOYMENT_TARGET = 9.0;
				LD_RUNPATH_SEARCH_PATHS = (
					"$(inherited)",
					"@executable_path/Frameworks",
				);
				PRODUCT_BUNDLE_IDENTIFIER = com.qianft.GoldenField;
				PRODUCT_NAME = "$(TARGET_NAME)";
				TARGETED_DEVICE_FAMILY = "1,2";
			};
			name = Release;
		};
		8FD8CD81209BEB3D00918C0C /* Debug */ = {
			isa = XCBuildConfiguration;
			buildSettings = {
				BUNDLE_LOADER = "$(TEST_HOST)";
				CODE_SIGN_STYLE = Automatic;
				DEVELOPMENT_TEAM = V3WGXX8M8S;
				INFOPLIST_FILE = GoldenFieldTests/Info.plist;
				LD_RUNPATH_SEARCH_PATHS = (
					"$(inherited)",
					"@executable_path/Frameworks",
					"@loader_path/Frameworks",
				);
				PRODUCT_BUNDLE_IDENTIFIER = com.qianft.GoldenFieldTests;
				PRODUCT_NAME = "$(TARGET_NAME)";
				TARGETED_DEVICE_FAMILY = "1,2";
				TEST_HOST = "$(BUILT_PRODUCTS_DIR)/GoldenField.app/GoldenField";
			};
			name = Debug;
		};
		8FD8CD82209BEB3D00918C0C /* Release */ = {
			isa = XCBuildConfiguration;
			buildSettings = {
				BUNDLE_LOADER = "$(TEST_HOST)";
				CODE_SIGN_STYLE = Automatic;
				DEVELOPMENT_TEAM = V3WGXX8M8S;
				INFOPLIST_FILE = GoldenFieldTests/Info.plist;
				LD_RUNPATH_SEARCH_PATHS = (
					"$(inherited)",
					"@executable_path/Frameworks",
					"@loader_path/Frameworks",
				);
				PRODUCT_BUNDLE_IDENTIFIER = com.qianft.GoldenFieldTests;
				PRODUCT_NAME = "$(TARGET_NAME)";
				TARGETED_DEVICE_FAMILY = "1,2";
				TEST_HOST = "$(BUILT_PRODUCTS_DIR)/GoldenField.app/GoldenField";
			};
			name = Release;
		};
		8FD8CD84209BEB3D00918C0C /* Debug */ = {
			isa = XCBuildConfiguration;
			buildSettings = {
				CODE_SIGN_STYLE = Automatic;
				DEVELOPMENT_TEAM = V3WGXX8M8S;
				INFOPLIST_FILE = GoldenFieldUITests/Info.plist;
				LD_RUNPATH_SEARCH_PATHS = (
					"$(inherited)",
					"@executable_path/Frameworks",
					"@loader_path/Frameworks",
				);
				PRODUCT_BUNDLE_IDENTIFIER = com.qianft.GoldenFieldUITests;
				PRODUCT_NAME = "$(TARGET_NAME)";
				TARGETED_DEVICE_FAMILY = "1,2";
				TEST_TARGET_NAME = GoldenField;
			};
			name = Debug;
		};
		8FD8CD85209BEB3D00918C0C /* Release */ = {
			isa = XCBuildConfiguration;
			buildSettings = {
				CODE_SIGN_STYLE = Automatic;
				DEVELOPMENT_TEAM = V3WGXX8M8S;
				INFOPLIST_FILE = GoldenFieldUITests/Info.plist;
				LD_RUNPATH_SEARCH_PATHS = (
					"$(inherited)",
					"@executable_path/Frameworks",
					"@loader_path/Frameworks",
				);
				PRODUCT_BUNDLE_IDENTIFIER = com.qianft.GoldenFieldUITests;
				PRODUCT_NAME = "$(TARGET_NAME)";
				TARGETED_DEVICE_FAMILY = "1,2";
				TEST_TARGET_NAME = GoldenField;
			};
			name = Release;
		};
/* End XCBuildConfiguration section */

/* Begin XCConfigurationList section */
		8FD8CD4C209BEB3A00918C0C /* Build configuration list for PBXProject "GoldenField" */ = {
			isa = XCConfigurationList;
			buildConfigurations = (
				8FD8CD7B209BEB3D00918C0C /* Debug */,
				8FD8CD7C209BEB3D00918C0C /* Release */,
			);
			defaultConfigurationIsVisible = 0;
			defaultConfigurationName = Release;
		};
		8FD8CD7D209BEB3D00918C0C /* Build configuration list for PBXNativeTarget "GoldenField" */ = {
			isa = XCConfigurationList;
			buildConfigurations = (
				8FD8CD7E209BEB3D00918C0C /* Debug */,
				8FD8CD7F209BEB3D00918C0C /* Release */,
			);
			defaultConfigurationIsVisible = 0;
			defaultConfigurationName = Release;
		};
		8FD8CD80209BEB3D00918C0C /* Build configuration list for PBXNativeTarget "GoldenFieldTests" */ = {
			isa = XCConfigurationList;
			buildConfigurations = (
				8FD8CD81209BEB3D00918C0C /* Debug */,
				8FD8CD82209BEB3D00918C0C /* Release */,
			);
			defaultConfigurationIsVisible = 0;
			defaultConfigurationName = Release;
		};
		8FD8CD83209BEB3D00918C0C /* Build configuration list for PBXNativeTarget "GoldenFieldUITests" */ = {
			isa = XCConfigurationList;
			buildConfigurations = (
				8FD8CD84209BEB3D00918C0C /* Debug */,
				8FD8CD85209BEB3D00918C0C /* Release */,
			);
			defaultConfigurationIsVisible = 0;
			defaultConfigurationName = Release;
		};
/* End XCConfigurationList section */
	};
	rootObject = 8FD8CD49209BEB3A00918C0C /* Project object */;
}
